// !$*UTF8*$!
{
	archiveVersion = 1;
	classes = {
	};
	objectVersion = 47;
	objects = {

/* Begin PBXBuildFile section */
		31375E431E70DFA000C72EF4 /* Alamofire.framework in Frameworks */ = {isa = PBXBuildFile; fileRef = 31375E3D1E70DFA000C72EF4 /* Alamofire.framework */; };
		31375E441E70DFA000C72EF4 /* Moya.framework in Frameworks */ = {isa = PBXBuildFile; fileRef = 31375E3E1E70DFA000C72EF4 /* Moya.framework */; };
		31375E481E70DFA000C72EF4 /* SwifterSwift.framework in Frameworks */ = {isa = PBXBuildFile; fileRef = 31375E421E70DFA000C72EF4 /* SwifterSwift.framework */; };
		31375E501E70DFED00C72EF4 /* Alamofire.framework in Carthage Copy Frameworks */ = {isa = PBXBuildFile; fileRef = 31375E3D1E70DFA000C72EF4 /* Alamofire.framework */; settings = {ATTRIBUTES = (CodeSignOnCopy, RemoveHeadersOnCopy, ); }; };
		31375E511E70DFED00C72EF4 /* Moya.framework in Carthage Copy Frameworks */ = {isa = PBXBuildFile; fileRef = 31375E3E1E70DFA000C72EF4 /* Moya.framework */; settings = {ATTRIBUTES = (CodeSignOnCopy, RemoveHeadersOnCopy, ); }; };
		31375E521E70DFED00C72EF4 /* Nimble.framework in Carthage Copy Frameworks */ = {isa = PBXBuildFile; fileRef = 31375E3F1E70DFA000C72EF4 /* Nimble.framework */; settings = {ATTRIBUTES = (CodeSignOnCopy, RemoveHeadersOnCopy, ); }; };
		31375E531E70DFED00C72EF4 /* Quick.framework in Carthage Copy Frameworks */ = {isa = PBXBuildFile; fileRef = 31375E401E70DFA000C72EF4 /* Quick.framework */; settings = {ATTRIBUTES = (CodeSignOnCopy, RemoveHeadersOnCopy, ); }; };
		31375E541E70DFED00C72EF4 /* Result.framework in Carthage Copy Frameworks */ = {isa = PBXBuildFile; fileRef = 31375E411E70DFA000C72EF4 /* Result.framework */; settings = {ATTRIBUTES = (CodeSignOnCopy, RemoveHeadersOnCopy, ); }; };
		31375E551E70DFED00C72EF4 /* SwifterSwift.framework in Carthage Copy Frameworks */ = {isa = PBXBuildFile; fileRef = 31375E421E70DFA000C72EF4 /* SwifterSwift.framework */; settings = {ATTRIBUTES = (CodeSignOnCopy, RemoveHeadersOnCopy, ); }; };
		31375E5D1E70E01600C72EF4 /* Alamofire.framework in Frameworks */ = {isa = PBXBuildFile; fileRef = 31375E571E70E01600C72EF4 /* Alamofire.framework */; };
		31375E5E1E70E01600C72EF4 /* Moya.framework in Frameworks */ = {isa = PBXBuildFile; fileRef = 31375E581E70E01600C72EF4 /* Moya.framework */; };
		31375E621E70E01600C72EF4 /* SwifterSwift.framework in Frameworks */ = {isa = PBXBuildFile; fileRef = 31375E5C1E70E01600C72EF4 /* SwifterSwift.framework */; };
		31375E631E70E02B00C72EF4 /* Alamofire.framework in Frameworks */ = {isa = PBXBuildFile; fileRef = 31375E571E70E01600C72EF4 /* Alamofire.framework */; };
		31375E641E70E02B00C72EF4 /* Moya.framework in Frameworks */ = {isa = PBXBuildFile; fileRef = 31375E581E70E01600C72EF4 /* Moya.framework */; };
		31375E651E70E02B00C72EF4 /* Nimble.framework in Frameworks */ = {isa = PBXBuildFile; fileRef = 31375E591E70E01600C72EF4 /* Nimble.framework */; };
		31375E661E70E02B00C72EF4 /* Quick.framework in Frameworks */ = {isa = PBXBuildFile; fileRef = 31375E5A1E70E01600C72EF4 /* Quick.framework */; };
		31375E671E70E02B00C72EF4 /* Result.framework in Frameworks */ = {isa = PBXBuildFile; fileRef = 31375E5B1E70E01600C72EF4 /* Result.framework */; };
		31375E681E70E02B00C72EF4 /* SwifterSwift.framework in Frameworks */ = {isa = PBXBuildFile; fileRef = 31375E5C1E70E01600C72EF4 /* SwifterSwift.framework */; };
		31375E6A1E70E03C00C72EF4 /* Alamofire.framework in Carthage Copy Frameworks */ = {isa = PBXBuildFile; fileRef = 31375E571E70E01600C72EF4 /* Alamofire.framework */; settings = {ATTRIBUTES = (CodeSignOnCopy, RemoveHeadersOnCopy, ); }; };
		31375E6B1E70E03C00C72EF4 /* Moya.framework in Carthage Copy Frameworks */ = {isa = PBXBuildFile; fileRef = 31375E581E70E01600C72EF4 /* Moya.framework */; settings = {ATTRIBUTES = (CodeSignOnCopy, RemoveHeadersOnCopy, ); }; };
		31375E6C1E70E03C00C72EF4 /* Nimble.framework in Carthage Copy Frameworks */ = {isa = PBXBuildFile; fileRef = 31375E591E70E01600C72EF4 /* Nimble.framework */; settings = {ATTRIBUTES = (CodeSignOnCopy, RemoveHeadersOnCopy, ); }; };
		31375E6D1E70E03C00C72EF4 /* Quick.framework in Carthage Copy Frameworks */ = {isa = PBXBuildFile; fileRef = 31375E5A1E70E01600C72EF4 /* Quick.framework */; settings = {ATTRIBUTES = (CodeSignOnCopy, RemoveHeadersOnCopy, ); }; };
		31375E6E1E70E03C00C72EF4 /* Result.framework in Carthage Copy Frameworks */ = {isa = PBXBuildFile; fileRef = 31375E5B1E70E01600C72EF4 /* Result.framework */; settings = {ATTRIBUTES = (CodeSignOnCopy, RemoveHeadersOnCopy, ); }; };
		31375E6F1E70E03C00C72EF4 /* SwifterSwift.framework in Carthage Copy Frameworks */ = {isa = PBXBuildFile; fileRef = 31375E5C1E70E01600C72EF4 /* SwifterSwift.framework */; settings = {ATTRIBUTES = (CodeSignOnCopy, RemoveHeadersOnCopy, ); }; };
		31375E741E70E06F00C72EF4 /* Alamofire.framework in Frameworks */ = {isa = PBXBuildFile; fileRef = 31375E711E70E06F00C72EF4 /* Alamofire.framework */; };
		31375E751E70E06F00C72EF4 /* Moya.framework in Frameworks */ = {isa = PBXBuildFile; fileRef = 31375E721E70E06F00C72EF4 /* Moya.framework */; };
		31375E761E70E06F00C72EF4 /* SwifterSwift.framework in Frameworks */ = {isa = PBXBuildFile; fileRef = 31375E731E70E06F00C72EF4 /* SwifterSwift.framework */; };
		31375E7D1E70E8C500C72EF4 /* QueryAccessTokenPluginSpec.swift in Sources */ = {isa = PBXBuildFile; fileRef = 31375E7C1E70E8C500C72EF4 /* QueryAccessTokenPluginSpec.swift */; };
		31375E7E1E70E8C500C72EF4 /* QueryAccessTokenPluginSpec.swift in Sources */ = {isa = PBXBuildFile; fileRef = 31375E7C1E70E8C500C72EF4 /* QueryAccessTokenPluginSpec.swift */; };
		31375E7F1E70E8C500C72EF4 /* QueryAccessTokenPluginSpec.swift in Sources */ = {isa = PBXBuildFile; fileRef = 31375E7C1E70E8C500C72EF4 /* QueryAccessTokenPluginSpec.swift */; };
		31375E821E70EFA700C72EF4 /* DynamicTarget.swift in Sources */ = {isa = PBXBuildFile; fileRef = 31375E811E70EFA700C72EF4 /* DynamicTarget.swift */; };
		31375E831E70EFA700C72EF4 /* DynamicTarget.swift in Sources */ = {isa = PBXBuildFile; fileRef = 31375E811E70EFA700C72EF4 /* DynamicTarget.swift */; };
		31375E841E70EFA700C72EF4 /* DynamicTarget.swift in Sources */ = {isa = PBXBuildFile; fileRef = 31375E811E70EFA700C72EF4 /* DynamicTarget.swift */; };
		31375E851E70EFA700C72EF4 /* DynamicTarget.swift in Sources */ = {isa = PBXBuildFile; fileRef = 31375E811E70EFA700C72EF4 /* DynamicTarget.swift */; };
		31375E871E70F01500C72EF4 /* DynamicProvider.swift in Sources */ = {isa = PBXBuildFile; fileRef = 31375E861E70F01500C72EF4 /* DynamicProvider.swift */; };
		31375E881E70F01500C72EF4 /* DynamicProvider.swift in Sources */ = {isa = PBXBuildFile; fileRef = 31375E861E70F01500C72EF4 /* DynamicProvider.swift */; };
		31375E891E70F01500C72EF4 /* DynamicProvider.swift in Sources */ = {isa = PBXBuildFile; fileRef = 31375E861E70F01500C72EF4 /* DynamicProvider.swift */; };
		31375E8A1E70F01500C72EF4 /* DynamicProvider.swift in Sources */ = {isa = PBXBuildFile; fileRef = 31375E861E70F01500C72EF4 /* DynamicProvider.swift */; };
		31498B3F1E788A6100089361 /* AuthResponse.swift in Sources */ = {isa = PBXBuildFile; fileRef = 31498B3E1E788A6100089361 /* AuthResponse.swift */; };
		31498B401E788A6100089361 /* AuthResponse.swift in Sources */ = {isa = PBXBuildFile; fileRef = 31498B3E1E788A6100089361 /* AuthResponse.swift */; };
		31498B411E788A6100089361 /* AuthResponse.swift in Sources */ = {isa = PBXBuildFile; fileRef = 31498B3E1E788A6100089361 /* AuthResponse.swift */; };
		31498B421E788A6100089361 /* AuthResponse.swift in Sources */ = {isa = PBXBuildFile; fileRef = 31498B3E1E788A6100089361 /* AuthResponse.swift */; };
		31498B4D1E788F3A00089361 /* AuthResponseSpec.swift in Sources */ = {isa = PBXBuildFile; fileRef = 31498B4C1E788F3A00089361 /* AuthResponseSpec.swift */; };
		31498B4E1E788F3A00089361 /* AuthResponseSpec.swift in Sources */ = {isa = PBXBuildFile; fileRef = 31498B4C1E788F3A00089361 /* AuthResponseSpec.swift */; };
		31498B4F1E788F3A00089361 /* AuthResponseSpec.swift in Sources */ = {isa = PBXBuildFile; fileRef = 31498B4C1E788F3A00089361 /* AuthResponseSpec.swift */; };
		317020821E7087750047C8E1 /* ProfileAPI.swift in Sources */ = {isa = PBXBuildFile; fileRef = 317020811E7087750047C8E1 /* ProfileAPI.swift */; };
		317020831E7087750047C8E1 /* ProfileAPI.swift in Sources */ = {isa = PBXBuildFile; fileRef = 317020811E7087750047C8E1 /* ProfileAPI.swift */; };
		317020841E7087750047C8E1 /* ProfileAPI.swift in Sources */ = {isa = PBXBuildFile; fileRef = 317020811E7087750047C8E1 /* ProfileAPI.swift */; };
		317020851E7087750047C8E1 /* ProfileAPI.swift in Sources */ = {isa = PBXBuildFile; fileRef = 317020811E7087750047C8E1 /* ProfileAPI.swift */; };
		31781BD81E70A61C00BE9716 /* SubTarget.swift in Sources */ = {isa = PBXBuildFile; fileRef = 31781BD71E70A61C00BE9716 /* SubTarget.swift */; };
		31781BD91E70A61C00BE9716 /* SubTarget.swift in Sources */ = {isa = PBXBuildFile; fileRef = 31781BD71E70A61C00BE9716 /* SubTarget.swift */; };
		31781BDA1E70A61C00BE9716 /* SubTarget.swift in Sources */ = {isa = PBXBuildFile; fileRef = 31781BD71E70A61C00BE9716 /* SubTarget.swift */; };
		31781BDB1E70A61C00BE9716 /* SubTarget.swift in Sources */ = {isa = PBXBuildFile; fileRef = 31781BD71E70A61C00BE9716 /* SubTarget.swift */; };
		3191E61E1E739C19008AE16A /* PresenceAPI.swift in Sources */ = {isa = PBXBuildFile; fileRef = 3191E61D1E739C19008AE16A /* PresenceAPI.swift */; };
		3191E61F1E739C19008AE16A /* PresenceAPI.swift in Sources */ = {isa = PBXBuildFile; fileRef = 3191E61D1E739C19008AE16A /* PresenceAPI.swift */; };
		3191E6201E739C19008AE16A /* PresenceAPI.swift in Sources */ = {isa = PBXBuildFile; fileRef = 3191E61D1E739C19008AE16A /* PresenceAPI.swift */; };
		3191E6211E739C19008AE16A /* PresenceAPI.swift in Sources */ = {isa = PBXBuildFile; fileRef = 3191E61D1E739C19008AE16A /* PresenceAPI.swift */; };
		3191E6231E739E77008AE16A /* PresenceAPISpec.swift in Sources */ = {isa = PBXBuildFile; fileRef = 3191E6221E739E77008AE16A /* PresenceAPISpec.swift */; };
		3191E6241E739E77008AE16A /* PresenceAPISpec.swift in Sources */ = {isa = PBXBuildFile; fileRef = 3191E6221E739E77008AE16A /* PresenceAPISpec.swift */; };
		3191E6251E739E77008AE16A /* PresenceAPISpec.swift in Sources */ = {isa = PBXBuildFile; fileRef = 3191E6221E739E77008AE16A /* PresenceAPISpec.swift */; };
		31B7800B1E7F113F00AC6422 /* ThirdPartySigned.swift in Sources */ = {isa = PBXBuildFile; fileRef = 31B7800A1E7F113F00AC6422 /* ThirdPartySigned.swift */; };
		31B7800D1E7F118400AC6422 /* RoomMembershipAPI.swift in Sources */ = {isa = PBXBuildFile; fileRef = 31B7800C1E7F118400AC6422 /* RoomMembershipAPI.swift */; };
		31B7801B1E7F12A000AC6422 /* Wrap.framework in Frameworks */ = {isa = PBXBuildFile; fileRef = 31B780191E7F12A000AC6422 /* Wrap.framework */; };
		31B7801E1E7F12BA00AC6422 /* SwiftyJSON.framework in Carthage Copy Frameworks */ = {isa = PBXBuildFile; fileRef = 31B780181E7F12A000AC6422 /* SwiftyJSON.framework */; settings = {ATTRIBUTES = (CodeSignOnCopy, RemoveHeadersOnCopy, ); }; };
		31B7801F1E7F12BD00AC6422 /* Wrap.framework in Carthage Copy Frameworks */ = {isa = PBXBuildFile; fileRef = 31B780191E7F12A000AC6422 /* Wrap.framework */; settings = {ATTRIBUTES = (CodeSignOnCopy, RemoveHeadersOnCopy, ); }; };
		31B780231E7F12D700AC6422 /* Wrap.framework in Frameworks */ = {isa = PBXBuildFile; fileRef = 31B780211E7F12D700AC6422 /* Wrap.framework */; };
		31B780241E7F12F000AC6422 /* SwiftyJSON.framework in Frameworks */ = {isa = PBXBuildFile; fileRef = 31B780201E7F12D700AC6422 /* SwiftyJSON.framework */; };
		31B780251E7F12F300AC6422 /* Wrap.framework in Frameworks */ = {isa = PBXBuildFile; fileRef = 31B780211E7F12D700AC6422 /* Wrap.framework */; };
		31B780261E7F12F700AC6422 /* SwiftyJSON.framework in Carthage Copy Frameworks */ = {isa = PBXBuildFile; fileRef = 31B780201E7F12D700AC6422 /* SwiftyJSON.framework */; settings = {ATTRIBUTES = (CodeSignOnCopy, RemoveHeadersOnCopy, ); }; };
		31B780271E7F12F900AC6422 /* Wrap.framework in Carthage Copy Frameworks */ = {isa = PBXBuildFile; fileRef = 31B780211E7F12D700AC6422 /* Wrap.framework */; settings = {ATTRIBUTES = (CodeSignOnCopy, RemoveHeadersOnCopy, ); }; };
		31B780291E7F130600AC6422 /* Wrap.framework in Frameworks */ = {isa = PBXBuildFile; fileRef = 31B780281E7F130600AC6422 /* Wrap.framework */; };
		31D0EE261E7F3FF5005AE022 /* Alamofire.framework in Frameworks */ = {isa = PBXBuildFile; fileRef = 31375E251E70DE4000C72EF4 /* Alamofire.framework */; };
		31D0EE271E7F3FF5005AE022 /* Moya.framework in Frameworks */ = {isa = PBXBuildFile; fileRef = 31375E211E70DE1D00C72EF4 /* Moya.framework */; };
		31D0EE281E7F3FF5005AE022 /* SwifterSwift.framework in Frameworks */ = {isa = PBXBuildFile; fileRef = 31375E221E70DE1D00C72EF4 /* SwifterSwift.framework */; };
		31D0EE291E7F3FF5005AE022 /* Unbox.framework in Frameworks */ = {isa = PBXBuildFile; fileRef = 31F9B0F81E777CCE00BB0181 /* Unbox.framework */; };
		31D0EE2A1E7F3FF5005AE022 /* Wrap.framework in Frameworks */ = {isa = PBXBuildFile; fileRef = 31B780111E7F126600AC6422 /* Wrap.framework */; };
		31D0EE341E7F405E005AE022 /* Alamofire.framework in Frameworks */ = {isa = PBXBuildFile; fileRef = 31375E3D1E70DFA000C72EF4 /* Alamofire.framework */; };
		31D0EE351E7F405E005AE022 /* Moya.framework in Frameworks */ = {isa = PBXBuildFile; fileRef = 31375E3E1E70DFA000C72EF4 /* Moya.framework */; };
		31D0EE361E7F405E005AE022 /* Nimble.framework in Frameworks */ = {isa = PBXBuildFile; fileRef = 31375E3F1E70DFA000C72EF4 /* Nimble.framework */; };
		31D0EE371E7F405E005AE022 /* Quick.framework in Frameworks */ = {isa = PBXBuildFile; fileRef = 31375E401E70DFA000C72EF4 /* Quick.framework */; };
		31D0EE381E7F405E005AE022 /* Result.framework in Frameworks */ = {isa = PBXBuildFile; fileRef = 31375E411E70DFA000C72EF4 /* Result.framework */; };
		31D0EE391E7F405E005AE022 /* SwifterSwift.framework in Frameworks */ = {isa = PBXBuildFile; fileRef = 31375E421E70DFA000C72EF4 /* SwifterSwift.framework */; };
		31D0EE3A1E7F405E005AE022 /* SwiftyJSON.framework in Frameworks */ = {isa = PBXBuildFile; fileRef = 31B780181E7F12A000AC6422 /* SwiftyJSON.framework */; };
		31D0EE3B1E7F405E005AE022 /* Unbox.framework in Frameworks */ = {isa = PBXBuildFile; fileRef = 31F9B0FA1E777CF000BB0181 /* Unbox.framework */; };
		31D0EE3C1E7F405E005AE022 /* Wrap.framework in Frameworks */ = {isa = PBXBuildFile; fileRef = 31B780191E7F12A000AC6422 /* Wrap.framework */; };
		31D0EE3D1E7F4064005AE022 /* Alamofire.framework in Frameworks */ = {isa = PBXBuildFile; fileRef = 31375E251E70DE4000C72EF4 /* Alamofire.framework */; };
		31D0EE3E1E7F4064005AE022 /* Moya.framework in Frameworks */ = {isa = PBXBuildFile; fileRef = 31375E211E70DE1D00C72EF4 /* Moya.framework */; };
		31D0EE3F1E7F4064005AE022 /* Nimble.framework in Frameworks */ = {isa = PBXBuildFile; fileRef = 31375E2D1E70DF2A00C72EF4 /* Nimble.framework */; };
		31D0EE401E7F4064005AE022 /* Quick.framework in Frameworks */ = {isa = PBXBuildFile; fileRef = 31375E2E1E70DF2A00C72EF4 /* Quick.framework */; };
		31D0EE411E7F4064005AE022 /* Result.framework in Frameworks */ = {isa = PBXBuildFile; fileRef = 31375E2F1E70DF2A00C72EF4 /* Result.framework */; };
		31D0EE421E7F4064005AE022 /* SwifterSwift.framework in Frameworks */ = {isa = PBXBuildFile; fileRef = 31375E221E70DE1D00C72EF4 /* SwifterSwift.framework */; };
		31D0EE431E7F4064005AE022 /* SwiftyJSON.framework in Frameworks */ = {isa = PBXBuildFile; fileRef = 31B780101E7F126600AC6422 /* SwiftyJSON.framework */; };
		31D0EE441E7F4064005AE022 /* Unbox.framework in Frameworks */ = {isa = PBXBuildFile; fileRef = 31F9B0F81E777CCE00BB0181 /* Unbox.framework */; };
		31D0EE451E7F4064005AE022 /* Wrap.framework in Frameworks */ = {isa = PBXBuildFile; fileRef = 31B780111E7F126600AC6422 /* Wrap.framework */; };
		31D0EE491E7F43EE005AE022 /* ThirdPartySigned.swift in Sources */ = {isa = PBXBuildFile; fileRef = 31B7800A1E7F113F00AC6422 /* ThirdPartySigned.swift */; };
		31D0EE4A1E7F43EE005AE022 /* ThirdPartySigned.swift in Sources */ = {isa = PBXBuildFile; fileRef = 31B7800A1E7F113F00AC6422 /* ThirdPartySigned.swift */; };
		31D0EE4B1E7F43EF005AE022 /* ThirdPartySigned.swift in Sources */ = {isa = PBXBuildFile; fileRef = 31B7800A1E7F113F00AC6422 /* ThirdPartySigned.swift */; };
		31D0EE4C1E7F43FB005AE022 /* RoomMembershipAPI.swift in Sources */ = {isa = PBXBuildFile; fileRef = 31B7800C1E7F118400AC6422 /* RoomMembershipAPI.swift */; };
		31D0EE4D1E7F43FC005AE022 /* RoomMembershipAPI.swift in Sources */ = {isa = PBXBuildFile; fileRef = 31B7800C1E7F118400AC6422 /* RoomMembershipAPI.swift */; };
		31D0EE4E1E7F43FD005AE022 /* RoomMembershipAPI.swift in Sources */ = {isa = PBXBuildFile; fileRef = 31B7800C1E7F118400AC6422 /* RoomMembershipAPI.swift */; };
		31D0EE4F1E7F4413005AE022 /* RoomMembershipAPISpec.swift in Sources */ = {isa = PBXBuildFile; fileRef = 31B7800E1E7F120400AC6422 /* RoomMembershipAPISpec.swift */; };
		31D0EE501E7F4413005AE022 /* RoomMembershipAPISpec.swift in Sources */ = {isa = PBXBuildFile; fileRef = 31B7800E1E7F120400AC6422 /* RoomMembershipAPISpec.swift */; };
		31D0EE511E7F4414005AE022 /* RoomMembershipAPISpec.swift in Sources */ = {isa = PBXBuildFile; fileRef = 31B7800E1E7F120400AC6422 /* RoomMembershipAPISpec.swift */; };
		31D596711E71D17400DFDAA8 /* AuthAPI.swift in Sources */ = {isa = PBXBuildFile; fileRef = 31D596701E71D17400DFDAA8 /* AuthAPI.swift */; };
		31D596721E71D17400DFDAA8 /* AuthAPI.swift in Sources */ = {isa = PBXBuildFile; fileRef = 31D596701E71D17400DFDAA8 /* AuthAPI.swift */; };
		31D596731E71D17400DFDAA8 /* AuthAPI.swift in Sources */ = {isa = PBXBuildFile; fileRef = 31D596701E71D17400DFDAA8 /* AuthAPI.swift */; };
		31D596741E71D17400DFDAA8 /* AuthAPI.swift in Sources */ = {isa = PBXBuildFile; fileRef = 31D596701E71D17400DFDAA8 /* AuthAPI.swift */; };
		31D596761E71D1B300DFDAA8 /* AuthAPISpec.swift in Sources */ = {isa = PBXBuildFile; fileRef = 31D596751E71D1B300DFDAA8 /* AuthAPISpec.swift */; };
		31D596771E71D1B300DFDAA8 /* AuthAPISpec.swift in Sources */ = {isa = PBXBuildFile; fileRef = 31D596751E71D1B300DFDAA8 /* AuthAPISpec.swift */; };
		31D596781E71D1B300DFDAA8 /* AuthAPISpec.swift in Sources */ = {isa = PBXBuildFile; fileRef = 31D596751E71D1B300DFDAA8 /* AuthAPISpec.swift */; };
		31F6F46A1E7F533C003E2B6D /* Alamofire.framework in Carthage Copy Frameworks */ = {isa = PBXBuildFile; fileRef = 31375E251E70DE4000C72EF4 /* Alamofire.framework */; settings = {ATTRIBUTES = (CodeSignOnCopy, RemoveHeadersOnCopy, ); }; };
		31F6F46B1E7F533C003E2B6D /* Moya.framework in Carthage Copy Frameworks */ = {isa = PBXBuildFile; fileRef = 31375E211E70DE1D00C72EF4 /* Moya.framework */; settings = {ATTRIBUTES = (CodeSignOnCopy, RemoveHeadersOnCopy, ); }; };
		31F6F46C1E7F533C003E2B6D /* Nimble.framework in Carthage Copy Frameworks */ = {isa = PBXBuildFile; fileRef = 31375E2D1E70DF2A00C72EF4 /* Nimble.framework */; settings = {ATTRIBUTES = (CodeSignOnCopy, RemoveHeadersOnCopy, ); }; };
		31F6F46D1E7F533C003E2B6D /* Quick.framework in Carthage Copy Frameworks */ = {isa = PBXBuildFile; fileRef = 31375E2E1E70DF2A00C72EF4 /* Quick.framework */; settings = {ATTRIBUTES = (CodeSignOnCopy, RemoveHeadersOnCopy, ); }; };
		31F6F46E1E7F533C003E2B6D /* Result.framework in Carthage Copy Frameworks */ = {isa = PBXBuildFile; fileRef = 31375E2F1E70DF2A00C72EF4 /* Result.framework */; settings = {ATTRIBUTES = (CodeSignOnCopy, RemoveHeadersOnCopy, ); }; };
		31F6F46F1E7F533C003E2B6D /* SwifterSwift.framework in Carthage Copy Frameworks */ = {isa = PBXBuildFile; fileRef = 31375E221E70DE1D00C72EF4 /* SwifterSwift.framework */; settings = {ATTRIBUTES = (CodeSignOnCopy, RemoveHeadersOnCopy, ); }; };
		31F6F4701E7F533C003E2B6D /* SwiftyJSON.framework in Carthage Copy Frameworks */ = {isa = PBXBuildFile; fileRef = 31B780101E7F126600AC6422 /* SwiftyJSON.framework */; settings = {ATTRIBUTES = (CodeSignOnCopy, RemoveHeadersOnCopy, ); }; };
		31F6F4711E7F533C003E2B6D /* Unbox.framework in Carthage Copy Frameworks */ = {isa = PBXBuildFile; fileRef = 31F9B0F81E777CCE00BB0181 /* Unbox.framework */; settings = {ATTRIBUTES = (CodeSignOnCopy, RemoveHeadersOnCopy, ); }; };
		31F6F4721E7F533C003E2B6D /* Wrap.framework in Carthage Copy Frameworks */ = {isa = PBXBuildFile; fileRef = 31B780111E7F126600AC6422 /* Wrap.framework */; settings = {ATTRIBUTES = (CodeSignOnCopy, RemoveHeadersOnCopy, ); }; };
		31F8FA101E78AE330027D8CB /* PresenceResponseSpec.swift in Sources */ = {isa = PBXBuildFile; fileRef = 31F8FA0F1E78AE330027D8CB /* PresenceResponseSpec.swift */; };
		31F8FA111E78AE330027D8CB /* PresenceResponseSpec.swift in Sources */ = {isa = PBXBuildFile; fileRef = 31F8FA0F1E78AE330027D8CB /* PresenceResponseSpec.swift */; };
		31F8FA121E78AE330027D8CB /* PresenceResponseSpec.swift in Sources */ = {isa = PBXBuildFile; fileRef = 31F8FA0F1E78AE330027D8CB /* PresenceResponseSpec.swift */; };
		31F9A0F71E70B19200A3F710 /* ProfileAPISpec.swift in Sources */ = {isa = PBXBuildFile; fileRef = 31F9A0F61E70B19200A3F710 /* ProfileAPISpec.swift */; };
		31F9A0F81E70B19200A3F710 /* ProfileAPISpec.swift in Sources */ = {isa = PBXBuildFile; fileRef = 31F9A0F61E70B19200A3F710 /* ProfileAPISpec.swift */; };
		31F9A0F91E70B19200A3F710 /* ProfileAPISpec.swift in Sources */ = {isa = PBXBuildFile; fileRef = 31F9A0F61E70B19200A3F710 /* ProfileAPISpec.swift */; };
		31F9B0EE1E7764ED00BB0181 /* QueryAccessTokenPlugin.swift in Sources */ = {isa = PBXBuildFile; fileRef = 31F9B0ED1E7764ED00BB0181 /* QueryAccessTokenPlugin.swift */; };
		31F9B0EF1E77655100BB0181 /* QueryAccessTokenPlugin.swift in Sources */ = {isa = PBXBuildFile; fileRef = 31F9B0ED1E7764ED00BB0181 /* QueryAccessTokenPlugin.swift */; };
		31F9B0F01E77655100BB0181 /* QueryAccessTokenPlugin.swift in Sources */ = {isa = PBXBuildFile; fileRef = 31F9B0ED1E7764ED00BB0181 /* QueryAccessTokenPlugin.swift */; };
		31F9B0F11E77655200BB0181 /* QueryAccessTokenPlugin.swift in Sources */ = {isa = PBXBuildFile; fileRef = 31F9B0ED1E7764ED00BB0181 /* QueryAccessTokenPlugin.swift */; };
		31F9B0F41E7767CB00BB0181 /* Presence.swift in Sources */ = {isa = PBXBuildFile; fileRef = 31F9B0F31E7767CB00BB0181 /* Presence.swift */; };
		31F9B0F51E7767CB00BB0181 /* Presence.swift in Sources */ = {isa = PBXBuildFile; fileRef = 31F9B0F31E7767CB00BB0181 /* Presence.swift */; };
		31F9B0F61E7767CB00BB0181 /* Presence.swift in Sources */ = {isa = PBXBuildFile; fileRef = 31F9B0F31E7767CB00BB0181 /* Presence.swift */; };
		31F9B0F71E7767CB00BB0181 /* Presence.swift in Sources */ = {isa = PBXBuildFile; fileRef = 31F9B0F31E7767CB00BB0181 /* Presence.swift */; };
		31F9B0FB1E777CF000BB0181 /* Unbox.framework in Frameworks */ = {isa = PBXBuildFile; fileRef = 31F9B0FA1E777CF000BB0181 /* Unbox.framework */; };
		31F9B0FD1E777D6100BB0181 /* Unbox.framework in Frameworks */ = {isa = PBXBuildFile; fileRef = 31F9B0FC1E777D6100BB0181 /* Unbox.framework */; };
		31F9B0FF1E777D7C00BB0181 /* Unbox.framework in Frameworks */ = {isa = PBXBuildFile; fileRef = 31F9B0FE1E777D7C00BB0181 /* Unbox.framework */; };
		31F9B1011E777DC600BB0181 /* Unbox.framework in Carthage Copy Frameworks */ = {isa = PBXBuildFile; fileRef = 31F9B0FA1E777CF000BB0181 /* Unbox.framework */; settings = {ATTRIBUTES = (CodeSignOnCopy, RemoveHeadersOnCopy, ); }; };
		31F9B1041E777DE800BB0181 /* Unbox.framework in Frameworks */ = {isa = PBXBuildFile; fileRef = 31F9B0FE1E777D7C00BB0181 /* Unbox.framework */; };
		31F9B1051E777DEB00BB0181 /* Unbox.framework in Carthage Copy Frameworks */ = {isa = PBXBuildFile; fileRef = 31F9B0FE1E777D7C00BB0181 /* Unbox.framework */; settings = {ATTRIBUTES = (CodeSignOnCopy, RemoveHeadersOnCopy, ); }; };
		31F9B1081E7782FC00BB0181 /* PresenceResponse.swift in Sources */ = {isa = PBXBuildFile; fileRef = 31F9B1071E7782FC00BB0181 /* PresenceResponse.swift */; };
		31F9B1091E7782FC00BB0181 /* PresenceResponse.swift in Sources */ = {isa = PBXBuildFile; fileRef = 31F9B1071E7782FC00BB0181 /* PresenceResponse.swift */; };
		31F9B10A1E7782FC00BB0181 /* PresenceResponse.swift in Sources */ = {isa = PBXBuildFile; fileRef = 31F9B1071E7782FC00BB0181 /* PresenceResponse.swift */; };
		31F9B10B1E7782FC00BB0181 /* PresenceResponse.swift in Sources */ = {isa = PBXBuildFile; fileRef = 31F9B1071E7782FC00BB0181 /* PresenceResponse.swift */; };
		52D6D9871BEFF229002C0205 /* MatrixSDK.framework in Frameworks */ = {isa = PBXBuildFile; fileRef = 52D6D97C1BEFF229002C0205 /* MatrixSDK.framework */; };
		52D6D9981BEFF375002C0205 /* MatrixSDK.swift in Sources */ = {isa = PBXBuildFile; fileRef = 52D6D9961BEFF375002C0205 /* MatrixSDK.swift */; };
		52D6D99B1BEFF375002C0205 /* MatrixSDKTests.swift in Sources */ = {isa = PBXBuildFile; fileRef = 52D6D9971BEFF375002C0205 /* MatrixSDKTests.swift */; };
		52D6D9EA1BEFFFA4002C0205 /* MatrixSDK.swift in Sources */ = {isa = PBXBuildFile; fileRef = 52D6D9961BEFF375002C0205 /* MatrixSDK.swift */; };
		52D6DA091BF00081002C0205 /* MatrixSDK.swift in Sources */ = {isa = PBXBuildFile; fileRef = 52D6D9961BEFF375002C0205 /* MatrixSDK.swift */; };
		52D6DA261BF00118002C0205 /* MatrixSDK.swift in Sources */ = {isa = PBXBuildFile; fileRef = 52D6D9961BEFF375002C0205 /* MatrixSDK.swift */; };
		DD7502861C68FDDC006590AF /* MatrixSDKTests.swift in Sources */ = {isa = PBXBuildFile; fileRef = 52D6D9971BEFF375002C0205 /* MatrixSDKTests.swift */; };
		DD7502881C68FEDE006590AF /* MatrixSDK.framework in Frameworks */ = {isa = PBXBuildFile; fileRef = 52D6DA0F1BF000BD002C0205 /* MatrixSDK.framework */; };
		DD7502921C690C7A006590AF /* MatrixSDK.framework in Frameworks */ = {isa = PBXBuildFile; fileRef = 52D6D9F01BEFFFBE002C0205 /* MatrixSDK.framework */; };
		DD75029A1C690CBE006590AF /* MatrixSDKTests.swift in Sources */ = {isa = PBXBuildFile; fileRef = 52D6D9971BEFF375002C0205 /* MatrixSDKTests.swift */; };
/* End PBXBuildFile section */

/* Begin PBXContainerItemProxy section */
		52D6D9881BEFF229002C0205 /* PBXContainerItemProxy */ = {
			isa = PBXContainerItemProxy;
			containerPortal = 52D6D9731BEFF229002C0205 /* Project object */;
			proxyType = 1;
			remoteGlobalIDString = 52D6D97B1BEFF229002C0205;
			remoteInfo = MatrixSDK;
		};
		DD7502801C68FCFC006590AF /* PBXContainerItemProxy */ = {
			isa = PBXContainerItemProxy;
			containerPortal = 52D6D9731BEFF229002C0205 /* Project object */;
			proxyType = 1;
			remoteGlobalIDString = 52D6DA0E1BF000BD002C0205;
			remoteInfo = "MatrixSDK-macOS";
		};
		DD7502931C690C7A006590AF /* PBXContainerItemProxy */ = {
			isa = PBXContainerItemProxy;
			containerPortal = 52D6D9731BEFF229002C0205 /* Project object */;
			proxyType = 1;
			remoteGlobalIDString = 52D6D9EF1BEFFFBE002C0205;
			remoteInfo = "MatrixSDK-tvOS";
		};
/* End PBXContainerItemProxy section */

/* Begin PBXCopyFilesBuildPhase section */
		31375E291E70DEEB00C72EF4 /* Carthage Copy Frameworks */ = {
			isa = PBXCopyFilesBuildPhase;
			buildActionMask = 2147483647;
			dstPath = "";
			dstSubfolderSpec = 10;
			files = (
				31F6F46A1E7F533C003E2B6D /* Alamofire.framework in Carthage Copy Frameworks */,
				31F6F46B1E7F533C003E2B6D /* Moya.framework in Carthage Copy Frameworks */,
				31F6F46C1E7F533C003E2B6D /* Nimble.framework in Carthage Copy Frameworks */,
				31F6F46D1E7F533C003E2B6D /* Quick.framework in Carthage Copy Frameworks */,
				31F6F46E1E7F533C003E2B6D /* Result.framework in Carthage Copy Frameworks */,
				31F6F46F1E7F533C003E2B6D /* SwifterSwift.framework in Carthage Copy Frameworks */,
				31F6F4701E7F533C003E2B6D /* SwiftyJSON.framework in Carthage Copy Frameworks */,
				31F6F4711E7F533C003E2B6D /* Unbox.framework in Carthage Copy Frameworks */,
				31F6F4721E7F533C003E2B6D /* Wrap.framework in Carthage Copy Frameworks */,
			);
			name = "Carthage Copy Frameworks";
			runOnlyForDeploymentPostprocessing = 0;
		};
		31375E4F1E70DFC100C72EF4 /* Carthage Copy Frameworks */ = {
			isa = PBXCopyFilesBuildPhase;
			buildActionMask = 2147483647;
			dstPath = "";
			dstSubfolderSpec = 10;
			files = (
				31375E501E70DFED00C72EF4 /* Alamofire.framework in Carthage Copy Frameworks */,
				31375E511E70DFED00C72EF4 /* Moya.framework in Carthage Copy Frameworks */,
				31375E521E70DFED00C72EF4 /* Nimble.framework in Carthage Copy Frameworks */,
				31375E531E70DFED00C72EF4 /* Quick.framework in Carthage Copy Frameworks */,
				31375E541E70DFED00C72EF4 /* Result.framework in Carthage Copy Frameworks */,
				31375E551E70DFED00C72EF4 /* SwifterSwift.framework in Carthage Copy Frameworks */,
				31B7801E1E7F12BA00AC6422 /* SwiftyJSON.framework in Carthage Copy Frameworks */,
				31F9B1011E777DC600BB0181 /* Unbox.framework in Carthage Copy Frameworks */,
				31B7801F1E7F12BD00AC6422 /* Wrap.framework in Carthage Copy Frameworks */,
			);
			name = "Carthage Copy Frameworks";
			runOnlyForDeploymentPostprocessing = 0;
		};
		31375E691E70E03000C72EF4 /* Carthage Copy Frameworks */ = {
			isa = PBXCopyFilesBuildPhase;
			buildActionMask = 2147483647;
			dstPath = "";
			dstSubfolderSpec = 10;
			files = (
				31375E6A1E70E03C00C72EF4 /* Alamofire.framework in Carthage Copy Frameworks */,
				31375E6B1E70E03C00C72EF4 /* Moya.framework in Carthage Copy Frameworks */,
				31375E6C1E70E03C00C72EF4 /* Nimble.framework in Carthage Copy Frameworks */,
				31375E6D1E70E03C00C72EF4 /* Quick.framework in Carthage Copy Frameworks */,
				31375E6E1E70E03C00C72EF4 /* Result.framework in Carthage Copy Frameworks */,
				31375E6F1E70E03C00C72EF4 /* SwifterSwift.framework in Carthage Copy Frameworks */,
				31B780261E7F12F700AC6422 /* SwiftyJSON.framework in Carthage Copy Frameworks */,
				31F9B1051E777DEB00BB0181 /* Unbox.framework in Carthage Copy Frameworks */,
				31B780271E7F12F900AC6422 /* Wrap.framework in Carthage Copy Frameworks */,
			);
			name = "Carthage Copy Frameworks";
			runOnlyForDeploymentPostprocessing = 0;
		};
/* End PBXCopyFilesBuildPhase section */

/* Begin PBXFileReference section */
		31375E211E70DE1D00C72EF4 /* Moya.framework */ = {isa = PBXFileReference; lastKnownFileType = wrapper.framework; name = Moya.framework; path = Carthage/Build/iOS/Moya.framework; sourceTree = "<group>"; };
		31375E221E70DE1D00C72EF4 /* SwifterSwift.framework */ = {isa = PBXFileReference; lastKnownFileType = wrapper.framework; name = SwifterSwift.framework; path = Carthage/Build/iOS/SwifterSwift.framework; sourceTree = "<group>"; };
		31375E251E70DE4000C72EF4 /* Alamofire.framework */ = {isa = PBXFileReference; lastKnownFileType = wrapper.framework; name = Alamofire.framework; path = Carthage/Build/iOS/Alamofire.framework; sourceTree = "<group>"; };
		31375E2D1E70DF2A00C72EF4 /* Nimble.framework */ = {isa = PBXFileReference; lastKnownFileType = wrapper.framework; name = Nimble.framework; path = Carthage/Build/iOS/Nimble.framework; sourceTree = "<group>"; };
		31375E2E1E70DF2A00C72EF4 /* Quick.framework */ = {isa = PBXFileReference; lastKnownFileType = wrapper.framework; name = Quick.framework; path = Carthage/Build/iOS/Quick.framework; sourceTree = "<group>"; };
		31375E2F1E70DF2A00C72EF4 /* Result.framework */ = {isa = PBXFileReference; lastKnownFileType = wrapper.framework; name = Result.framework; path = Carthage/Build/iOS/Result.framework; sourceTree = "<group>"; };
		31375E3D1E70DFA000C72EF4 /* Alamofire.framework */ = {isa = PBXFileReference; lastKnownFileType = wrapper.framework; name = Alamofire.framework; path = Carthage/Build/Mac/Alamofire.framework; sourceTree = "<group>"; };
		31375E3E1E70DFA000C72EF4 /* Moya.framework */ = {isa = PBXFileReference; lastKnownFileType = wrapper.framework; name = Moya.framework; path = Carthage/Build/Mac/Moya.framework; sourceTree = "<group>"; };
		31375E3F1E70DFA000C72EF4 /* Nimble.framework */ = {isa = PBXFileReference; lastKnownFileType = wrapper.framework; name = Nimble.framework; path = Carthage/Build/Mac/Nimble.framework; sourceTree = "<group>"; };
		31375E401E70DFA000C72EF4 /* Quick.framework */ = {isa = PBXFileReference; lastKnownFileType = wrapper.framework; name = Quick.framework; path = Carthage/Build/Mac/Quick.framework; sourceTree = "<group>"; };
		31375E411E70DFA000C72EF4 /* Result.framework */ = {isa = PBXFileReference; lastKnownFileType = wrapper.framework; name = Result.framework; path = Carthage/Build/Mac/Result.framework; sourceTree = "<group>"; };
		31375E421E70DFA000C72EF4 /* SwifterSwift.framework */ = {isa = PBXFileReference; lastKnownFileType = wrapper.framework; name = SwifterSwift.framework; path = Carthage/Build/Mac/SwifterSwift.framework; sourceTree = "<group>"; };
		31375E571E70E01600C72EF4 /* Alamofire.framework */ = {isa = PBXFileReference; lastKnownFileType = wrapper.framework; name = Alamofire.framework; path = Carthage/Build/tvOS/Alamofire.framework; sourceTree = "<group>"; };
		31375E581E70E01600C72EF4 /* Moya.framework */ = {isa = PBXFileReference; lastKnownFileType = wrapper.framework; name = Moya.framework; path = Carthage/Build/tvOS/Moya.framework; sourceTree = "<group>"; };
		31375E591E70E01600C72EF4 /* Nimble.framework */ = {isa = PBXFileReference; lastKnownFileType = wrapper.framework; name = Nimble.framework; path = Carthage/Build/tvOS/Nimble.framework; sourceTree = "<group>"; };
		31375E5A1E70E01600C72EF4 /* Quick.framework */ = {isa = PBXFileReference; lastKnownFileType = wrapper.framework; name = Quick.framework; path = Carthage/Build/tvOS/Quick.framework; sourceTree = "<group>"; };
		31375E5B1E70E01600C72EF4 /* Result.framework */ = {isa = PBXFileReference; lastKnownFileType = wrapper.framework; name = Result.framework; path = Carthage/Build/tvOS/Result.framework; sourceTree = "<group>"; };
		31375E5C1E70E01600C72EF4 /* SwifterSwift.framework */ = {isa = PBXFileReference; lastKnownFileType = wrapper.framework; name = SwifterSwift.framework; path = Carthage/Build/tvOS/SwifterSwift.framework; sourceTree = "<group>"; };
		31375E711E70E06F00C72EF4 /* Alamofire.framework */ = {isa = PBXFileReference; lastKnownFileType = wrapper.framework; name = Alamofire.framework; path = Carthage/Build/watchOS/Alamofire.framework; sourceTree = "<group>"; };
		31375E721E70E06F00C72EF4 /* Moya.framework */ = {isa = PBXFileReference; lastKnownFileType = wrapper.framework; name = Moya.framework; path = Carthage/Build/watchOS/Moya.framework; sourceTree = "<group>"; };
		31375E731E70E06F00C72EF4 /* SwifterSwift.framework */ = {isa = PBXFileReference; lastKnownFileType = wrapper.framework; name = SwifterSwift.framework; path = Carthage/Build/watchOS/SwifterSwift.framework; sourceTree = "<group>"; };
		31375E7C1E70E8C500C72EF4 /* QueryAccessTokenPluginSpec.swift */ = {isa = PBXFileReference; fileEncoding = 4; lastKnownFileType = sourcecode.swift; path = QueryAccessTokenPluginSpec.swift; sourceTree = "<group>"; };
		31375E811E70EFA700C72EF4 /* DynamicTarget.swift */ = {isa = PBXFileReference; fileEncoding = 4; lastKnownFileType = sourcecode.swift; path = DynamicTarget.swift; sourceTree = "<group>"; };
		31375E861E70F01500C72EF4 /* DynamicProvider.swift */ = {isa = PBXFileReference; fileEncoding = 4; lastKnownFileType = sourcecode.swift; path = DynamicProvider.swift; sourceTree = "<group>"; };
		31498B3E1E788A6100089361 /* AuthResponse.swift */ = {isa = PBXFileReference; fileEncoding = 4; lastKnownFileType = sourcecode.swift; path = AuthResponse.swift; sourceTree = "<group>"; };
		31498B4C1E788F3A00089361 /* AuthResponseSpec.swift */ = {isa = PBXFileReference; fileEncoding = 4; lastKnownFileType = sourcecode.swift; path = AuthResponseSpec.swift; sourceTree = "<group>"; };
		317020811E7087750047C8E1 /* ProfileAPI.swift */ = {isa = PBXFileReference; fileEncoding = 4; lastKnownFileType = sourcecode.swift; path = ProfileAPI.swift; sourceTree = "<group>"; };
		31781BD71E70A61C00BE9716 /* SubTarget.swift */ = {isa = PBXFileReference; fileEncoding = 4; lastKnownFileType = sourcecode.swift; path = SubTarget.swift; sourceTree = "<group>"; };
		3191E61D1E739C19008AE16A /* PresenceAPI.swift */ = {isa = PBXFileReference; fileEncoding = 4; lastKnownFileType = sourcecode.swift; path = PresenceAPI.swift; sourceTree = "<group>"; };
		3191E6221E739E77008AE16A /* PresenceAPISpec.swift */ = {isa = PBXFileReference; fileEncoding = 4; lastKnownFileType = sourcecode.swift; path = PresenceAPISpec.swift; sourceTree = "<group>"; };
		31B7800A1E7F113F00AC6422 /* ThirdPartySigned.swift */ = {isa = PBXFileReference; fileEncoding = 4; lastKnownFileType = sourcecode.swift; path = ThirdPartySigned.swift; sourceTree = "<group>"; };
		31B7800C1E7F118400AC6422 /* RoomMembershipAPI.swift */ = {isa = PBXFileReference; fileEncoding = 4; lastKnownFileType = sourcecode.swift; path = RoomMembershipAPI.swift; sourceTree = "<group>"; };
		31B7800E1E7F120400AC6422 /* RoomMembershipAPISpec.swift */ = {isa = PBXFileReference; fileEncoding = 4; lastKnownFileType = sourcecode.swift; path = RoomMembershipAPISpec.swift; sourceTree = "<group>"; };
		31B780101E7F126600AC6422 /* SwiftyJSON.framework */ = {isa = PBXFileReference; lastKnownFileType = wrapper.framework; name = SwiftyJSON.framework; path = Carthage/Build/iOS/SwiftyJSON.framework; sourceTree = "<group>"; };
		31B780111E7F126600AC6422 /* Wrap.framework */ = {isa = PBXFileReference; lastKnownFileType = wrapper.framework; name = Wrap.framework; path = Carthage/Build/iOS/Wrap.framework; sourceTree = "<group>"; };
		31B780181E7F12A000AC6422 /* SwiftyJSON.framework */ = {isa = PBXFileReference; lastKnownFileType = wrapper.framework; name = SwiftyJSON.framework; path = Carthage/Build/Mac/SwiftyJSON.framework; sourceTree = "<group>"; };
		31B780191E7F12A000AC6422 /* Wrap.framework */ = {isa = PBXFileReference; lastKnownFileType = wrapper.framework; name = Wrap.framework; path = Carthage/Build/Mac/Wrap.framework; sourceTree = "<group>"; };
		31B780201E7F12D700AC6422 /* SwiftyJSON.framework */ = {isa = PBXFileReference; lastKnownFileType = wrapper.framework; name = SwiftyJSON.framework; path = Carthage/Build/tvOS/SwiftyJSON.framework; sourceTree = "<group>"; };
		31B780211E7F12D700AC6422 /* Wrap.framework */ = {isa = PBXFileReference; lastKnownFileType = wrapper.framework; name = Wrap.framework; path = Carthage/Build/tvOS/Wrap.framework; sourceTree = "<group>"; };
		31B780281E7F130600AC6422 /* Wrap.framework */ = {isa = PBXFileReference; lastKnownFileType = wrapper.framework; name = Wrap.framework; path = Carthage/Build/watchOS/Wrap.framework; sourceTree = "<group>"; };
		31D596701E71D17400DFDAA8 /* AuthAPI.swift */ = {isa = PBXFileReference; fileEncoding = 4; lastKnownFileType = sourcecode.swift; path = AuthAPI.swift; sourceTree = "<group>"; };
		31D596751E71D1B300DFDAA8 /* AuthAPISpec.swift */ = {isa = PBXFileReference; fileEncoding = 4; lastKnownFileType = sourcecode.swift; path = AuthAPISpec.swift; sourceTree = "<group>"; };
		31F8FA0F1E78AE330027D8CB /* PresenceResponseSpec.swift */ = {isa = PBXFileReference; fileEncoding = 4; lastKnownFileType = sourcecode.swift; name = PresenceResponseSpec.swift; path = Tests/MatrixSDKTests/Responses/PresenceResponseSpec.swift; sourceTree = SOURCE_ROOT; };
		31F9A0F61E70B19200A3F710 /* ProfileAPISpec.swift */ = {isa = PBXFileReference; fileEncoding = 4; lastKnownFileType = sourcecode.swift; path = ProfileAPISpec.swift; sourceTree = "<group>"; };
		31F9B0ED1E7764ED00BB0181 /* QueryAccessTokenPlugin.swift */ = {isa = PBXFileReference; fileEncoding = 4; lastKnownFileType = sourcecode.swift; path = QueryAccessTokenPlugin.swift; sourceTree = "<group>"; };
		31F9B0F31E7767CB00BB0181 /* Presence.swift */ = {isa = PBXFileReference; fileEncoding = 4; lastKnownFileType = sourcecode.swift; path = Presence.swift; sourceTree = "<group>"; };
		31F9B0F81E777CCE00BB0181 /* Unbox.framework */ = {isa = PBXFileReference; lastKnownFileType = wrapper.framework; name = Unbox.framework; path = Carthage/Build/iOS/Unbox.framework; sourceTree = "<group>"; };
		31F9B0FA1E777CF000BB0181 /* Unbox.framework */ = {isa = PBXFileReference; lastKnownFileType = wrapper.framework; name = Unbox.framework; path = Carthage/Build/Mac/Unbox.framework; sourceTree = "<group>"; };
		31F9B0FC1E777D6100BB0181 /* Unbox.framework */ = {isa = PBXFileReference; lastKnownFileType = wrapper.framework; name = Unbox.framework; path = Carthage/Build/watchOS/Unbox.framework; sourceTree = "<group>"; };
		31F9B0FE1E777D7C00BB0181 /* Unbox.framework */ = {isa = PBXFileReference; lastKnownFileType = wrapper.framework; name = Unbox.framework; path = Carthage/Build/tvOS/Unbox.framework; sourceTree = "<group>"; };
		31F9B1071E7782FC00BB0181 /* PresenceResponse.swift */ = {isa = PBXFileReference; fileEncoding = 4; lastKnownFileType = sourcecode.swift; path = PresenceResponse.swift; sourceTree = "<group>"; };
		52D6D97C1BEFF229002C0205 /* MatrixSDK.framework */ = {isa = PBXFileReference; explicitFileType = wrapper.framework; includeInIndex = 0; path = MatrixSDK.framework; sourceTree = BUILT_PRODUCTS_DIR; };
		52D6D9861BEFF229002C0205 /* MatrixSDK-iOS Tests.xctest */ = {isa = PBXFileReference; explicitFileType = wrapper.cfbundle; includeInIndex = 0; path = "MatrixSDK-iOS Tests.xctest"; sourceTree = BUILT_PRODUCTS_DIR; };
		52D6D9961BEFF375002C0205 /* MatrixSDK.swift */ = {isa = PBXFileReference; fileEncoding = 4; lastKnownFileType = sourcecode.swift; path = MatrixSDK.swift; sourceTree = "<group>"; };
		52D6D9971BEFF375002C0205 /* MatrixSDKTests.swift */ = {isa = PBXFileReference; fileEncoding = 4; lastKnownFileType = sourcecode.swift; path = MatrixSDKTests.swift; sourceTree = "<group>"; };
		52D6D9E21BEFFF6E002C0205 /* MatrixSDK.framework */ = {isa = PBXFileReference; explicitFileType = wrapper.framework; includeInIndex = 0; path = MatrixSDK.framework; sourceTree = BUILT_PRODUCTS_DIR; };
		52D6D9F01BEFFFBE002C0205 /* MatrixSDK.framework */ = {isa = PBXFileReference; explicitFileType = wrapper.framework; includeInIndex = 0; path = MatrixSDK.framework; sourceTree = BUILT_PRODUCTS_DIR; };
		52D6DA0F1BF000BD002C0205 /* MatrixSDK.framework */ = {isa = PBXFileReference; explicitFileType = wrapper.framework; includeInIndex = 0; path = MatrixSDK.framework; sourceTree = BUILT_PRODUCTS_DIR; };
		AD2FAA261CD0B6D800659CF4 /* MatrixSDK.plist */ = {isa = PBXFileReference; fileEncoding = 4; lastKnownFileType = text.plist.xml; path = MatrixSDK.plist; sourceTree = "<group>"; };
		AD2FAA281CD0B6E100659CF4 /* MatrixSDKTests.plist */ = {isa = PBXFileReference; fileEncoding = 4; lastKnownFileType = text.plist.xml; path = MatrixSDKTests.plist; sourceTree = "<group>"; };
		DD75027A1C68FCFC006590AF /* MatrixSDK-macOS Tests.xctest */ = {isa = PBXFileReference; explicitFileType = wrapper.cfbundle; includeInIndex = 0; path = "MatrixSDK-macOS Tests.xctest"; sourceTree = BUILT_PRODUCTS_DIR; };
		DD75028D1C690C7A006590AF /* MatrixSDK-tvOS Tests.xctest */ = {isa = PBXFileReference; explicitFileType = wrapper.cfbundle; includeInIndex = 0; path = "MatrixSDK-tvOS Tests.xctest"; sourceTree = BUILT_PRODUCTS_DIR; };
/* End PBXFileReference section */

/* Begin PBXFrameworksBuildPhase section */
		52D6D9781BEFF229002C0205 /* Frameworks */ = {
			isa = PBXFrameworksBuildPhase;
			buildActionMask = 2147483647;
			files = (
				31D0EE261E7F3FF5005AE022 /* Alamofire.framework in Frameworks */,
				31D0EE271E7F3FF5005AE022 /* Moya.framework in Frameworks */,
				31D0EE281E7F3FF5005AE022 /* SwifterSwift.framework in Frameworks */,
				31D0EE291E7F3FF5005AE022 /* Unbox.framework in Frameworks */,
				31D0EE2A1E7F3FF5005AE022 /* Wrap.framework in Frameworks */,
			);
			runOnlyForDeploymentPostprocessing = 0;
		};
		52D6D9831BEFF229002C0205 /* Frameworks */ = {
			isa = PBXFrameworksBuildPhase;
			buildActionMask = 2147483647;
			files = (
				52D6D9871BEFF229002C0205 /* MatrixSDK.framework in Frameworks */,
				31D0EE3D1E7F4064005AE022 /* Alamofire.framework in Frameworks */,
				31D0EE3E1E7F4064005AE022 /* Moya.framework in Frameworks */,
				31D0EE3F1E7F4064005AE022 /* Nimble.framework in Frameworks */,
				31D0EE401E7F4064005AE022 /* Quick.framework in Frameworks */,
				31D0EE411E7F4064005AE022 /* Result.framework in Frameworks */,
				31D0EE421E7F4064005AE022 /* SwifterSwift.framework in Frameworks */,
				31D0EE431E7F4064005AE022 /* SwiftyJSON.framework in Frameworks */,
				31D0EE441E7F4064005AE022 /* Unbox.framework in Frameworks */,
				31D0EE451E7F4064005AE022 /* Wrap.framework in Frameworks */,
			);
			runOnlyForDeploymentPostprocessing = 0;
		};
		52D6D9DE1BEFFF6E002C0205 /* Frameworks */ = {
			isa = PBXFrameworksBuildPhase;
			buildActionMask = 2147483647;
			files = (
				31375E741E70E06F00C72EF4 /* Alamofire.framework in Frameworks */,
				31375E751E70E06F00C72EF4 /* Moya.framework in Frameworks */,
				31375E761E70E06F00C72EF4 /* SwifterSwift.framework in Frameworks */,
				31F9B0FD1E777D6100BB0181 /* Unbox.framework in Frameworks */,
				31B780291E7F130600AC6422 /* Wrap.framework in Frameworks */,
			);
			runOnlyForDeploymentPostprocessing = 0;
		};
		52D6D9EC1BEFFFBE002C0205 /* Frameworks */ = {
			isa = PBXFrameworksBuildPhase;
			buildActionMask = 2147483647;
			files = (
				31375E5D1E70E01600C72EF4 /* Alamofire.framework in Frameworks */,
				31375E5E1E70E01600C72EF4 /* Moya.framework in Frameworks */,
				31375E621E70E01600C72EF4 /* SwifterSwift.framework in Frameworks */,
				31F9B0FF1E777D7C00BB0181 /* Unbox.framework in Frameworks */,
				31B780231E7F12D700AC6422 /* Wrap.framework in Frameworks */,
			);
			runOnlyForDeploymentPostprocessing = 0;
		};
		52D6DA0B1BF000BD002C0205 /* Frameworks */ = {
			isa = PBXFrameworksBuildPhase;
			buildActionMask = 2147483647;
			files = (
				31375E431E70DFA000C72EF4 /* Alamofire.framework in Frameworks */,
				31375E441E70DFA000C72EF4 /* Moya.framework in Frameworks */,
				31375E481E70DFA000C72EF4 /* SwifterSwift.framework in Frameworks */,
				31F9B0FB1E777CF000BB0181 /* Unbox.framework in Frameworks */,
				31B7801B1E7F12A000AC6422 /* Wrap.framework in Frameworks */,
			);
			runOnlyForDeploymentPostprocessing = 0;
		};
		DD7502771C68FCFC006590AF /* Frameworks */ = {
			isa = PBXFrameworksBuildPhase;
			buildActionMask = 2147483647;
			files = (
				DD7502881C68FEDE006590AF /* MatrixSDK.framework in Frameworks */,
				31D0EE341E7F405E005AE022 /* Alamofire.framework in Frameworks */,
				31D0EE351E7F405E005AE022 /* Moya.framework in Frameworks */,
				31D0EE361E7F405E005AE022 /* Nimble.framework in Frameworks */,
				31D0EE371E7F405E005AE022 /* Quick.framework in Frameworks */,
				31D0EE381E7F405E005AE022 /* Result.framework in Frameworks */,
				31D0EE391E7F405E005AE022 /* SwifterSwift.framework in Frameworks */,
				31D0EE3A1E7F405E005AE022 /* SwiftyJSON.framework in Frameworks */,
				31D0EE3B1E7F405E005AE022 /* Unbox.framework in Frameworks */,
				31D0EE3C1E7F405E005AE022 /* Wrap.framework in Frameworks */,
			);
			runOnlyForDeploymentPostprocessing = 0;
		};
		DD75028A1C690C7A006590AF /* Frameworks */ = {
			isa = PBXFrameworksBuildPhase;
			buildActionMask = 2147483647;
			files = (
				DD7502921C690C7A006590AF /* MatrixSDK.framework in Frameworks */,
				31375E631E70E02B00C72EF4 /* Alamofire.framework in Frameworks */,
				31375E641E70E02B00C72EF4 /* Moya.framework in Frameworks */,
				31375E651E70E02B00C72EF4 /* Nimble.framework in Frameworks */,
				31375E661E70E02B00C72EF4 /* Quick.framework in Frameworks */,
				31375E671E70E02B00C72EF4 /* Result.framework in Frameworks */,
				31375E681E70E02B00C72EF4 /* SwifterSwift.framework in Frameworks */,
				31B780241E7F12F000AC6422 /* SwiftyJSON.framework in Frameworks */,
				31F9B1041E777DE800BB0181 /* Unbox.framework in Frameworks */,
				31B780251E7F12F300AC6422 /* Wrap.framework in Frameworks */,
			);
			runOnlyForDeploymentPostprocessing = 0;
		};
/* End PBXFrameworksBuildPhase section */

/* Begin PBXGroup section */
		31375E3C1E70DF8B00C72EF4 /* macOS */ = {
			isa = PBXGroup;
			children = (
				31375E3D1E70DFA000C72EF4 /* Alamofire.framework */,
				31375E3E1E70DFA000C72EF4 /* Moya.framework */,
				31375E3F1E70DFA000C72EF4 /* Nimble.framework */,
				31375E401E70DFA000C72EF4 /* Quick.framework */,
				31375E411E70DFA000C72EF4 /* Result.framework */,
				31375E421E70DFA000C72EF4 /* SwifterSwift.framework */,
				31B780181E7F12A000AC6422 /* SwiftyJSON.framework */,
				31F9B0FA1E777CF000BB0181 /* Unbox.framework */,
				31B780191E7F12A000AC6422 /* Wrap.framework */,
			);
			name = macOS;
			sourceTree = "<group>";
		};
		31375E561E70DFFF00C72EF4 /* tvOS */ = {
			isa = PBXGroup;
			children = (
				31375E571E70E01600C72EF4 /* Alamofire.framework */,
				31375E581E70E01600C72EF4 /* Moya.framework */,
				31375E591E70E01600C72EF4 /* Nimble.framework */,
				31375E5A1E70E01600C72EF4 /* Quick.framework */,
				31375E5B1E70E01600C72EF4 /* Result.framework */,
				31375E5C1E70E01600C72EF4 /* SwifterSwift.framework */,
				31B780201E7F12D700AC6422 /* SwiftyJSON.framework */,
				31F9B0FE1E777D7C00BB0181 /* Unbox.framework */,
				31B780211E7F12D700AC6422 /* Wrap.framework */,
			);
			name = tvOS;
			sourceTree = "<group>";
		};
		31375E701E70E05800C72EF4 /* watchOS */ = {
			isa = PBXGroup;
			children = (
				31375E711E70E06F00C72EF4 /* Alamofire.framework */,
				31375E721E70E06F00C72EF4 /* Moya.framework */,
				31375E731E70E06F00C72EF4 /* SwifterSwift.framework */,
				31F9B0FC1E777D6100BB0181 /* Unbox.framework */,
				31B780281E7F130600AC6422 /* Wrap.framework */,
			);
			name = watchOS;
			sourceTree = "<group>";
		};
		31375E801E70EC7D00C72EF4 /* Plugins */ = {
			isa = PBXGroup;
			children = (
				31F9B0ED1E7764ED00BB0181 /* QueryAccessTokenPlugin.swift */,
			);
			path = Plugins;
			sourceTree = "<group>";
		};
		31498B3C1E78892700089361 /* Targets */ = {
			isa = PBXGroup;
			children = (
				31D596751E71D1B300DFDAA8 /* AuthAPISpec.swift */,
				3191E6221E739E77008AE16A /* PresenceAPISpec.swift */,
				31F9A0F61E70B19200A3F710 /* ProfileAPISpec.swift */,
				31B7800E1E7F120400AC6422 /* RoomMembershipAPISpec.swift */,
			);
			path = Targets;
			sourceTree = "<group>";
		};
		31498B3D1E78893B00089361 /* Plugins */ = {
			isa = PBXGroup;
			children = (
				31375E7C1E70E8C500C72EF4 /* QueryAccessTokenPluginSpec.swift */,
			);
			path = Plugins;
			sourceTree = "<group>";
		};
		31498B4B1E788F2E00089361 /* Responses */ = {
			isa = PBXGroup;
			children = (
				31498B4C1E788F3A00089361 /* AuthResponseSpec.swift */,
				31F8FA0F1E78AE330027D8CB /* PresenceResponseSpec.swift */,
			);
			path = Responses;
			sourceTree = "<group>";
		};
		317020581E70852F0047C8E1 /* MatrixSDK */ = {
			isa = PBXGroup;
			children = (
				31F9B0F21E77678900BB0181 /* Events */,
				52D6D9961BEFF375002C0205 /* MatrixSDK.swift */,
				31B780091E7F112500AC6422 /* Models */,
				31F9B0EC1E77639200BB0181 /* Networking */,
				31F9B1061E77815D00BB0181 /* Responses */,
			);
			path = MatrixSDK;
			sourceTree = "<group>";
		};
		3170207D1E7085AF0047C8E1 /* MatrixSDKTests */ = {
			isa = PBXGroup;
			children = (
				52D6D9971BEFF375002C0205 /* MatrixSDKTests.swift */,
				31F9A0F51E70B16C00A3F710 /* Networking */,
				31498B4B1E788F2E00089361 /* Responses */,
			);
			path = MatrixSDKTests;
			sourceTree = "<group>";
		};
		3170207E1E70865C0047C8E1 /* Sources */ = {
			isa = PBXGroup;
			children = (
				317020581E70852F0047C8E1 /* MatrixSDK */,
			);
			path = Sources;
			sourceTree = "<group>";
		};
		3170207F1E7086DF0047C8E1 /* Tests */ = {
			isa = PBXGroup;
			children = (
				3170207D1E7085AF0047C8E1 /* MatrixSDKTests */,
			);
			path = Tests;
			sourceTree = "<group>";
		};
		317020801E7087530047C8E1 /* Targets */ = {
			isa = PBXGroup;
			children = (
				31D596701E71D17400DFDAA8 /* AuthAPI.swift */,
				3191E61D1E739C19008AE16A /* PresenceAPI.swift */,
				317020811E7087750047C8E1 /* ProfileAPI.swift */,
				31B7800C1E7F118400AC6422 /* RoomMembershipAPI.swift */,
			);
			path = Targets;
			sourceTree = "<group>";
		};
		317020861E70880E0047C8E1 /* Frameworks */ = {
			isa = PBXGroup;
			children = (
				31B215961E70C4C700DE364C /* iOS */,
				31375E3C1E70DF8B00C72EF4 /* macOS */,
				31375E561E70DFFF00C72EF4 /* tvOS */,
				31375E701E70E05800C72EF4 /* watchOS */,
			);
			name = Frameworks;
			sourceTree = "<group>";
		};
		31781BD61E70A60900BE9716 /* Helpers */ = {
			isa = PBXGroup;
			children = (
				31375E861E70F01500C72EF4 /* DynamicProvider.swift */,
				31375E811E70EFA700C72EF4 /* DynamicTarget.swift */,
				31781BD71E70A61C00BE9716 /* SubTarget.swift */,
			);
			path = Helpers;
			sourceTree = "<group>";
		};
		31B215961E70C4C700DE364C /* iOS */ = {
			isa = PBXGroup;
			children = (
				31375E251E70DE4000C72EF4 /* Alamofire.framework */,
				31375E211E70DE1D00C72EF4 /* Moya.framework */,
				31375E2D1E70DF2A00C72EF4 /* Nimble.framework */,
				31375E2E1E70DF2A00C72EF4 /* Quick.framework */,
				31375E2F1E70DF2A00C72EF4 /* Result.framework */,
				31375E221E70DE1D00C72EF4 /* SwifterSwift.framework */,
				31B780101E7F126600AC6422 /* SwiftyJSON.framework */,
				31F9B0F81E777CCE00BB0181 /* Unbox.framework */,
				31B780111E7F126600AC6422 /* Wrap.framework */,
			);
			name = iOS;
			sourceTree = "<group>";
		};
		31B780091E7F112500AC6422 /* Models */ = {
			isa = PBXGroup;
			children = (
				31B7800A1E7F113F00AC6422 /* ThirdPartySigned.swift */,
			);
			path = Models;
			sourceTree = "<group>";
		};
		31F9A0F51E70B16C00A3F710 /* Networking */ = {
			isa = PBXGroup;
			children = (
				31498B3D1E78893B00089361 /* Plugins */,
				31498B3C1E78892700089361 /* Targets */,
			);
			path = Networking;
			sourceTree = "<group>";
		};
		31F9B0EC1E77639200BB0181 /* Networking */ = {
			isa = PBXGroup;
			children = (
				31781BD61E70A60900BE9716 /* Helpers */,
				31375E801E70EC7D00C72EF4 /* Plugins */,
				317020801E7087530047C8E1 /* Targets */,
			);
			path = Networking;
			sourceTree = "<group>";
		};
		31F9B0F21E77678900BB0181 /* Events */ = {
			isa = PBXGroup;
			children = (
				31F9B0F31E7767CB00BB0181 /* Presence.swift */,
			);
			path = Events;
			sourceTree = "<group>";
		};
		31F9B1061E77815D00BB0181 /* Responses */ = {
			isa = PBXGroup;
			children = (
				31498B3E1E788A6100089361 /* AuthResponse.swift */,
				31F9B1071E7782FC00BB0181 /* PresenceResponse.swift */,
			);
			path = Responses;
			sourceTree = "<group>";
		};
		52D6D9721BEFF229002C0205 = {
			isa = PBXGroup;
			children = (
				3170207E1E70865C0047C8E1 /* Sources */,
				3170207F1E7086DF0047C8E1 /* Tests */,
				52D6D99C1BEFF38C002C0205 /* Configs */,
				52D6D97D1BEFF229002C0205 /* Products */,
				317020861E70880E0047C8E1 /* Frameworks */,
			);
			sourceTree = "<group>";
		};
		52D6D97D1BEFF229002C0205 /* Products */ = {
			isa = PBXGroup;
			children = (
				52D6D97C1BEFF229002C0205 /* MatrixSDK.framework */,
				52D6D9861BEFF229002C0205 /* MatrixSDK-iOS Tests.xctest */,
				52D6D9E21BEFFF6E002C0205 /* MatrixSDK.framework */,
				52D6D9F01BEFFFBE002C0205 /* MatrixSDK.framework */,
				52D6DA0F1BF000BD002C0205 /* MatrixSDK.framework */,
				DD75027A1C68FCFC006590AF /* MatrixSDK-macOS Tests.xctest */,
				DD75028D1C690C7A006590AF /* MatrixSDK-tvOS Tests.xctest */,
			);
			name = Products;
			sourceTree = "<group>";
		};
		52D6D99C1BEFF38C002C0205 /* Configs */ = {
			isa = PBXGroup;
			children = (
				DD7502721C68FC1B006590AF /* Frameworks */,
				DD7502731C68FC20006590AF /* Tests */,
			);
			path = Configs;
			sourceTree = "<group>";
		};
		DD7502721C68FC1B006590AF /* Frameworks */ = {
			isa = PBXGroup;
			children = (
				AD2FAA261CD0B6D800659CF4 /* MatrixSDK.plist */,
			);
			name = Frameworks;
			sourceTree = "<group>";
		};
		DD7502731C68FC20006590AF /* Tests */ = {
			isa = PBXGroup;
			children = (
				AD2FAA281CD0B6E100659CF4 /* MatrixSDKTests.plist */,
			);
			name = Tests;
			sourceTree = "<group>";
		};
/* End PBXGroup section */

/* Begin PBXHeadersBuildPhase section */
		52D6D9791BEFF229002C0205 /* Headers */ = {
			isa = PBXHeadersBuildPhase;
			buildActionMask = 2147483647;
			files = (
			);
			runOnlyForDeploymentPostprocessing = 0;
		};
		52D6D9DF1BEFFF6E002C0205 /* Headers */ = {
			isa = PBXHeadersBuildPhase;
			buildActionMask = 2147483647;
			files = (
			);
			runOnlyForDeploymentPostprocessing = 0;
		};
		52D6D9ED1BEFFFBE002C0205 /* Headers */ = {
			isa = PBXHeadersBuildPhase;
			buildActionMask = 2147483647;
			files = (
			);
			runOnlyForDeploymentPostprocessing = 0;
		};
		52D6DA0C1BF000BD002C0205 /* Headers */ = {
			isa = PBXHeadersBuildPhase;
			buildActionMask = 2147483647;
			files = (
			);
			runOnlyForDeploymentPostprocessing = 0;
		};
/* End PBXHeadersBuildPhase section */

/* Begin PBXNativeTarget section */
		52D6D97B1BEFF229002C0205 /* MatrixSDK-iOS */ = {
			isa = PBXNativeTarget;
			buildConfigurationList = 52D6D9901BEFF229002C0205 /* Build configuration list for PBXNativeTarget "MatrixSDK-iOS" */;
			buildPhases = (
				52D6D9771BEFF229002C0205 /* Sources */,
				52D6D9781BEFF229002C0205 /* Frameworks */,
				52D6D9791BEFF229002C0205 /* Headers */,
				52D6D97A1BEFF229002C0205 /* Resources */,
			);
			buildRules = (
			);
			dependencies = (
			);
			name = "MatrixSDK-iOS";
			productName = MatrixSDK;
			productReference = 52D6D97C1BEFF229002C0205 /* MatrixSDK.framework */;
			productType = "com.apple.product-type.framework";
		};
		52D6D9851BEFF229002C0205 /* MatrixSDK-iOS Tests */ = {
			isa = PBXNativeTarget;
			buildConfigurationList = 52D6D9931BEFF229002C0205 /* Build configuration list for PBXNativeTarget "MatrixSDK-iOS Tests" */;
			buildPhases = (
				52D6D9821BEFF229002C0205 /* Sources */,
				52D6D9831BEFF229002C0205 /* Frameworks */,
				52D6D9841BEFF229002C0205 /* Resources */,
				31375E291E70DEEB00C72EF4 /* Carthage Copy Frameworks */,
			);
			buildRules = (
			);
			dependencies = (
				52D6D9891BEFF229002C0205 /* PBXTargetDependency */,
			);
			name = "MatrixSDK-iOS Tests";
			productName = MatrixSDKTests;
			productReference = 52D6D9861BEFF229002C0205 /* MatrixSDK-iOS Tests.xctest */;
			productType = "com.apple.product-type.bundle.unit-test";
		};
		52D6D9E11BEFFF6E002C0205 /* MatrixSDK-watchOS */ = {
			isa = PBXNativeTarget;
			buildConfigurationList = 52D6D9E71BEFFF6E002C0205 /* Build configuration list for PBXNativeTarget "MatrixSDK-watchOS" */;
			buildPhases = (
				52D6D9DD1BEFFF6E002C0205 /* Sources */,
				52D6D9DE1BEFFF6E002C0205 /* Frameworks */,
				52D6D9DF1BEFFF6E002C0205 /* Headers */,
				52D6D9E01BEFFF6E002C0205 /* Resources */,
			);
			buildRules = (
			);
			dependencies = (
			);
			name = "MatrixSDK-watchOS";
			productName = "MatrixSDK-watchOS";
			productReference = 52D6D9E21BEFFF6E002C0205 /* MatrixSDK.framework */;
			productType = "com.apple.product-type.framework";
		};
		52D6D9EF1BEFFFBE002C0205 /* MatrixSDK-tvOS */ = {
			isa = PBXNativeTarget;
			buildConfigurationList = 52D6DA011BEFFFBE002C0205 /* Build configuration list for PBXNativeTarget "MatrixSDK-tvOS" */;
			buildPhases = (
				52D6D9EB1BEFFFBE002C0205 /* Sources */,
				52D6D9EC1BEFFFBE002C0205 /* Frameworks */,
				52D6D9ED1BEFFFBE002C0205 /* Headers */,
				52D6D9EE1BEFFFBE002C0205 /* Resources */,
			);
			buildRules = (
			);
			dependencies = (
			);
			name = "MatrixSDK-tvOS";
			productName = "MatrixSDK-tvOS";
			productReference = 52D6D9F01BEFFFBE002C0205 /* MatrixSDK.framework */;
			productType = "com.apple.product-type.framework";
		};
		52D6DA0E1BF000BD002C0205 /* MatrixSDK-macOS */ = {
			isa = PBXNativeTarget;
			buildConfigurationList = 52D6DA201BF000BD002C0205 /* Build configuration list for PBXNativeTarget "MatrixSDK-macOS" */;
			buildPhases = (
				52D6DA0A1BF000BD002C0205 /* Sources */,
				52D6DA0B1BF000BD002C0205 /* Frameworks */,
				52D6DA0C1BF000BD002C0205 /* Headers */,
				52D6DA0D1BF000BD002C0205 /* Resources */,
			);
			buildRules = (
			);
			dependencies = (
			);
			name = "MatrixSDK-macOS";
			productName = "MatrixSDK-macOS";
			productReference = 52D6DA0F1BF000BD002C0205 /* MatrixSDK.framework */;
			productType = "com.apple.product-type.framework";
		};
		DD7502791C68FCFC006590AF /* MatrixSDK-macOS Tests */ = {
			isa = PBXNativeTarget;
			buildConfigurationList = DD7502821C68FCFC006590AF /* Build configuration list for PBXNativeTarget "MatrixSDK-macOS Tests" */;
			buildPhases = (
				DD7502761C68FCFC006590AF /* Sources */,
				DD7502771C68FCFC006590AF /* Frameworks */,
				DD7502781C68FCFC006590AF /* Resources */,
				31375E4F1E70DFC100C72EF4 /* Carthage Copy Frameworks */,
			);
			buildRules = (
			);
			dependencies = (
				DD7502811C68FCFC006590AF /* PBXTargetDependency */,
			);
			name = "MatrixSDK-macOS Tests";
			productName = "MatrixSDK-OS Tests";
			productReference = DD75027A1C68FCFC006590AF /* MatrixSDK-macOS Tests.xctest */;
			productType = "com.apple.product-type.bundle.unit-test";
		};
		DD75028C1C690C7A006590AF /* MatrixSDK-tvOS Tests */ = {
			isa = PBXNativeTarget;
			buildConfigurationList = DD7502951C690C7A006590AF /* Build configuration list for PBXNativeTarget "MatrixSDK-tvOS Tests" */;
			buildPhases = (
				DD7502891C690C7A006590AF /* Sources */,
				DD75028A1C690C7A006590AF /* Frameworks */,
				DD75028B1C690C7A006590AF /* Resources */,
				31375E691E70E03000C72EF4 /* Carthage Copy Frameworks */,
			);
			buildRules = (
			);
			dependencies = (
				DD7502941C690C7A006590AF /* PBXTargetDependency */,
			);
			name = "MatrixSDK-tvOS Tests";
			productName = "MatrixSDK-tvOS Tests";
			productReference = DD75028D1C690C7A006590AF /* MatrixSDK-tvOS Tests.xctest */;
			productType = "com.apple.product-type.bundle.unit-test";
		};
/* End PBXNativeTarget section */

/* Begin PBXProject section */
		52D6D9731BEFF229002C0205 /* Project object */ = {
			isa = PBXProject;
			attributes = {
				LastSwiftUpdateCheck = 0720;
				LastUpgradeCheck = 0810;
				ORGANIZATIONNAME = MatrixSDK;
				TargetAttributes = {
					52D6D97B1BEFF229002C0205 = {
						CreatedOnToolsVersion = 7.1;
						LastSwiftMigration = 0800;
					};
					52D6D9851BEFF229002C0205 = {
						CreatedOnToolsVersion = 7.1;
						LastSwiftMigration = 0800;
					};
					52D6D9E11BEFFF6E002C0205 = {
						CreatedOnToolsVersion = 7.1;
						LastSwiftMigration = 0800;
					};
					52D6D9EF1BEFFFBE002C0205 = {
						CreatedOnToolsVersion = 7.1;
						LastSwiftMigration = 0800;
					};
					52D6DA0E1BF000BD002C0205 = {
						CreatedOnToolsVersion = 7.1;
						LastSwiftMigration = 0800;
					};
					DD7502791C68FCFC006590AF = {
						CreatedOnToolsVersion = 7.2.1;
						LastSwiftMigration = 0800;
					};
					DD75028C1C690C7A006590AF = {
						CreatedOnToolsVersion = 7.2.1;
						LastSwiftMigration = 0800;
					};
				};
			};
			buildConfigurationList = 52D6D9761BEFF229002C0205 /* Build configuration list for PBXProject "MatrixSDK" */;
			compatibilityVersion = "Xcode 6.3";
			developmentRegion = English;
			hasScannedForEncodings = 0;
			knownRegions = (
				en,
			);
			mainGroup = 52D6D9721BEFF229002C0205;
			productRefGroup = 52D6D97D1BEFF229002C0205 /* Products */;
			projectDirPath = "";
			projectRoot = "";
			targets = (
				52D6D97B1BEFF229002C0205 /* MatrixSDK-iOS */,
				52D6DA0E1BF000BD002C0205 /* MatrixSDK-macOS */,
				52D6D9E11BEFFF6E002C0205 /* MatrixSDK-watchOS */,
				52D6D9EF1BEFFFBE002C0205 /* MatrixSDK-tvOS */,
				52D6D9851BEFF229002C0205 /* MatrixSDK-iOS Tests */,
				DD7502791C68FCFC006590AF /* MatrixSDK-macOS Tests */,
				DD75028C1C690C7A006590AF /* MatrixSDK-tvOS Tests */,
			);
		};
/* End PBXProject section */

/* Begin PBXResourcesBuildPhase section */
		52D6D97A1BEFF229002C0205 /* Resources */ = {
			isa = PBXResourcesBuildPhase;
			buildActionMask = 2147483647;
			files = (
			);
			runOnlyForDeploymentPostprocessing = 0;
		};
		52D6D9841BEFF229002C0205 /* Resources */ = {
			isa = PBXResourcesBuildPhase;
			buildActionMask = 2147483647;
			files = (
			);
			runOnlyForDeploymentPostprocessing = 0;
		};
		52D6D9E01BEFFF6E002C0205 /* Resources */ = {
			isa = PBXResourcesBuildPhase;
			buildActionMask = 2147483647;
			files = (
			);
			runOnlyForDeploymentPostprocessing = 0;
		};
		52D6D9EE1BEFFFBE002C0205 /* Resources */ = {
			isa = PBXResourcesBuildPhase;
			buildActionMask = 2147483647;
			files = (
			);
			runOnlyForDeploymentPostprocessing = 0;
		};
		52D6DA0D1BF000BD002C0205 /* Resources */ = {
			isa = PBXResourcesBuildPhase;
			buildActionMask = 2147483647;
			files = (
			);
			runOnlyForDeploymentPostprocessing = 0;
		};
		DD7502781C68FCFC006590AF /* Resources */ = {
			isa = PBXResourcesBuildPhase;
			buildActionMask = 2147483647;
			files = (
			);
			runOnlyForDeploymentPostprocessing = 0;
		};
		DD75028B1C690C7A006590AF /* Resources */ = {
			isa = PBXResourcesBuildPhase;
			buildActionMask = 2147483647;
			files = (
			);
			runOnlyForDeploymentPostprocessing = 0;
		};
/* End PBXResourcesBuildPhase section */

/* Begin PBXSourcesBuildPhase section */
		52D6D9771BEFF229002C0205 /* Sources */ = {
			isa = PBXSourcesBuildPhase;
			buildActionMask = 2147483647;
			files = (
				31D596711E71D17400DFDAA8 /* AuthAPI.swift in Sources */,
				31375E871E70F01500C72EF4 /* DynamicProvider.swift in Sources */,
				31B7800B1E7F113F00AC6422 /* ThirdPartySigned.swift in Sources */,
				31F9B1081E7782FC00BB0181 /* PresenceResponse.swift in Sources */,
				52D6D9981BEFF375002C0205 /* MatrixSDK.swift in Sources */,
				317020821E7087750047C8E1 /* ProfileAPI.swift in Sources */,
				31F9B0F41E7767CB00BB0181 /* Presence.swift in Sources */,
				31781BD81E70A61C00BE9716 /* SubTarget.swift in Sources */,
				3191E61E1E739C19008AE16A /* PresenceAPI.swift in Sources */,
				31498B3F1E788A6100089361 /* AuthResponse.swift in Sources */,
				31375E821E70EFA700C72EF4 /* DynamicTarget.swift in Sources */,
				31B7800D1E7F118400AC6422 /* RoomMembershipAPI.swift in Sources */,
				31F9B0EE1E7764ED00BB0181 /* QueryAccessTokenPlugin.swift in Sources */,
			);
			runOnlyForDeploymentPostprocessing = 0;
		};
		52D6D9821BEFF229002C0205 /* Sources */ = {
			isa = PBXSourcesBuildPhase;
			buildActionMask = 2147483647;
			files = (
				3191E6231E739E77008AE16A /* PresenceAPISpec.swift in Sources */,
				31498B4D1E788F3A00089361 /* AuthResponseSpec.swift in Sources */,
				31375E7D1E70E8C500C72EF4 /* QueryAccessTokenPluginSpec.swift in Sources */,
				31D596761E71D1B300DFDAA8 /* AuthAPISpec.swift in Sources */,
				31D0EE4F1E7F4413005AE022 /* RoomMembershipAPISpec.swift in Sources */,
				52D6D99B1BEFF375002C0205 /* MatrixSDKTests.swift in Sources */,
				31F9A0F71E70B19200A3F710 /* ProfileAPISpec.swift in Sources */,
				31F8FA101E78AE330027D8CB /* PresenceResponseSpec.swift in Sources */,
			);
			runOnlyForDeploymentPostprocessing = 0;
		};
		52D6D9DD1BEFFF6E002C0205 /* Sources */ = {
			isa = PBXSourcesBuildPhase;
			buildActionMask = 2147483647;
			files = (
				31D596731E71D17400DFDAA8 /* AuthAPI.swift in Sources */,
				31375E891E70F01500C72EF4 /* DynamicProvider.swift in Sources */,
				31D0EE4A1E7F43EE005AE022 /* ThirdPartySigned.swift in Sources */,
				31F9B10A1E7782FC00BB0181 /* PresenceResponse.swift in Sources */,
				52D6D9EA1BEFFFA4002C0205 /* MatrixSDK.swift in Sources */,
				317020841E7087750047C8E1 /* ProfileAPI.swift in Sources */,
				31F9B0F61E7767CB00BB0181 /* Presence.swift in Sources */,
				31781BDA1E70A61C00BE9716 /* SubTarget.swift in Sources */,
				3191E6201E739C19008AE16A /* PresenceAPI.swift in Sources */,
				31498B411E788A6100089361 /* AuthResponse.swift in Sources */,
				31375E841E70EFA700C72EF4 /* DynamicTarget.swift in Sources */,
				31D0EE4D1E7F43FC005AE022 /* RoomMembershipAPI.swift in Sources */,
				31F9B0F01E77655100BB0181 /* QueryAccessTokenPlugin.swift in Sources */,
			);
			runOnlyForDeploymentPostprocessing = 0;
		};
		52D6D9EB1BEFFFBE002C0205 /* Sources */ = {
			isa = PBXSourcesBuildPhase;
			buildActionMask = 2147483647;
			files = (
				31D596741E71D17400DFDAA8 /* AuthAPI.swift in Sources */,
				31375E8A1E70F01500C72EF4 /* DynamicProvider.swift in Sources */,
				31D0EE4B1E7F43EF005AE022 /* ThirdPartySigned.swift in Sources */,
				31F9B10B1E7782FC00BB0181 /* PresenceResponse.swift in Sources */,
				52D6DA091BF00081002C0205 /* MatrixSDK.swift in Sources */,
				317020851E7087750047C8E1 /* ProfileAPI.swift in Sources */,
				31F9B0F71E7767CB00BB0181 /* Presence.swift in Sources */,
				31781BDB1E70A61C00BE9716 /* SubTarget.swift in Sources */,
				3191E6211E739C19008AE16A /* PresenceAPI.swift in Sources */,
				31498B421E788A6100089361 /* AuthResponse.swift in Sources */,
				31375E851E70EFA700C72EF4 /* DynamicTarget.swift in Sources */,
				31D0EE4C1E7F43FB005AE022 /* RoomMembershipAPI.swift in Sources */,
				31F9B0EF1E77655100BB0181 /* QueryAccessTokenPlugin.swift in Sources */,
			);
			runOnlyForDeploymentPostprocessing = 0;
		};
		52D6DA0A1BF000BD002C0205 /* Sources */ = {
			isa = PBXSourcesBuildPhase;
			buildActionMask = 2147483647;
			files = (
				31D596721E71D17400DFDAA8 /* AuthAPI.swift in Sources */,
				31375E881E70F01500C72EF4 /* DynamicProvider.swift in Sources */,
				31D0EE491E7F43EE005AE022 /* ThirdPartySigned.swift in Sources */,
				31F9B1091E7782FC00BB0181 /* PresenceResponse.swift in Sources */,
				52D6DA261BF00118002C0205 /* MatrixSDK.swift in Sources */,
				317020831E7087750047C8E1 /* ProfileAPI.swift in Sources */,
				31F9B0F51E7767CB00BB0181 /* Presence.swift in Sources */,
				31781BD91E70A61C00BE9716 /* SubTarget.swift in Sources */,
				3191E61F1E739C19008AE16A /* PresenceAPI.swift in Sources */,
				31498B401E788A6100089361 /* AuthResponse.swift in Sources */,
				31375E831E70EFA700C72EF4 /* DynamicTarget.swift in Sources */,
				31D0EE4E1E7F43FD005AE022 /* RoomMembershipAPI.swift in Sources */,
				31F9B0F11E77655200BB0181 /* QueryAccessTokenPlugin.swift in Sources */,
			);
			runOnlyForDeploymentPostprocessing = 0;
		};
		DD7502761C68FCFC006590AF /* Sources */ = {
			isa = PBXSourcesBuildPhase;
			buildActionMask = 2147483647;
			files = (
				3191E6241E739E77008AE16A /* PresenceAPISpec.swift in Sources */,
				31498B4E1E788F3A00089361 /* AuthResponseSpec.swift in Sources */,
				31375E7E1E70E8C500C72EF4 /* QueryAccessTokenPluginSpec.swift in Sources */,
				31D596771E71D1B300DFDAA8 /* AuthAPISpec.swift in Sources */,
				31D0EE501E7F4413005AE022 /* RoomMembershipAPISpec.swift in Sources */,
				DD7502861C68FDDC006590AF /* MatrixSDKTests.swift in Sources */,
				31F9A0F81E70B19200A3F710 /* ProfileAPISpec.swift in Sources */,
				31F8FA111E78AE330027D8CB /* PresenceResponseSpec.swift in Sources */,
			);
			runOnlyForDeploymentPostprocessing = 0;
		};
		DD7502891C690C7A006590AF /* Sources */ = {
			isa = PBXSourcesBuildPhase;
			buildActionMask = 2147483647;
			files = (
				3191E6251E739E77008AE16A /* PresenceAPISpec.swift in Sources */,
				31498B4F1E788F3A00089361 /* AuthResponseSpec.swift in Sources */,
				31375E7F1E70E8C500C72EF4 /* QueryAccessTokenPluginSpec.swift in Sources */,
				31D596781E71D1B300DFDAA8 /* AuthAPISpec.swift in Sources */,
				31D0EE511E7F4414005AE022 /* RoomMembershipAPISpec.swift in Sources */,
				DD75029A1C690CBE006590AF /* MatrixSDKTests.swift in Sources */,
				31F9A0F91E70B19200A3F710 /* ProfileAPISpec.swift in Sources */,
				31F8FA121E78AE330027D8CB /* PresenceResponseSpec.swift in Sources */,
			);
			runOnlyForDeploymentPostprocessing = 0;
		};
/* End PBXSourcesBuildPhase section */

/* Begin PBXTargetDependency section */
		52D6D9891BEFF229002C0205 /* PBXTargetDependency */ = {
			isa = PBXTargetDependency;
			target = 52D6D97B1BEFF229002C0205 /* MatrixSDK-iOS */;
			targetProxy = 52D6D9881BEFF229002C0205 /* PBXContainerItemProxy */;
		};
		DD7502811C68FCFC006590AF /* PBXTargetDependency */ = {
			isa = PBXTargetDependency;
			target = 52D6DA0E1BF000BD002C0205 /* MatrixSDK-macOS */;
			targetProxy = DD7502801C68FCFC006590AF /* PBXContainerItemProxy */;
		};
		DD7502941C690C7A006590AF /* PBXTargetDependency */ = {
			isa = PBXTargetDependency;
			target = 52D6D9EF1BEFFFBE002C0205 /* MatrixSDK-tvOS */;
			targetProxy = DD7502931C690C7A006590AF /* PBXContainerItemProxy */;
		};
/* End PBXTargetDependency section */

/* Begin XCBuildConfiguration section */
		52D6D98E1BEFF229002C0205 /* Debug */ = {
			isa = XCBuildConfiguration;
			buildSettings = {
				ALWAYS_SEARCH_USER_PATHS = NO;
				CLANG_CXX_LANGUAGE_STANDARD = "gnu++0x";
				CLANG_CXX_LIBRARY = "libc++";
				CLANG_ENABLE_MODULES = YES;
				CLANG_ENABLE_OBJC_ARC = YES;
				CLANG_WARN_BOOL_CONVERSION = YES;
				CLANG_WARN_CONSTANT_CONVERSION = YES;
				CLANG_WARN_DIRECT_OBJC_ISA_USAGE = YES_ERROR;
				CLANG_WARN_EMPTY_BODY = YES;
				CLANG_WARN_ENUM_CONVERSION = YES;
				CLANG_WARN_INFINITE_RECURSION = YES;
				CLANG_WARN_INT_CONVERSION = YES;
				CLANG_WARN_OBJC_ROOT_CLASS = YES_ERROR;
				CLANG_WARN_SUSPICIOUS_MOVE = YES;
				CLANG_WARN_UNREACHABLE_CODE = YES;
				CLANG_WARN__DUPLICATE_METHOD_MATCH = YES;
				"CODE_SIGN_IDENTITY[sdk=iphoneos*]" = "iPhone Developer";
				COPY_PHASE_STRIP = NO;
				CURRENT_PROJECT_VERSION = 1;
				DEBUG_INFORMATION_FORMAT = dwarf;
				ENABLE_STRICT_OBJC_MSGSEND = YES;
				ENABLE_TESTABILITY = YES;
				GCC_C_LANGUAGE_STANDARD = gnu99;
				GCC_DYNAMIC_NO_PIC = NO;
				GCC_NO_COMMON_BLOCKS = YES;
				GCC_OPTIMIZATION_LEVEL = 0;
				GCC_PREPROCESSOR_DEFINITIONS = (
					"DEBUG=1",
					"$(inherited)",
				);
				GCC_WARN_64_TO_32_BIT_CONVERSION = YES;
				GCC_WARN_ABOUT_RETURN_TYPE = YES_ERROR;
				GCC_WARN_UNDECLARED_SELECTOR = YES;
				GCC_WARN_UNINITIALIZED_AUTOS = YES_AGGRESSIVE;
				GCC_WARN_UNUSED_FUNCTION = YES;
				GCC_WARN_UNUSED_VARIABLE = YES;
				IPHONEOS_DEPLOYMENT_TARGET = 8.0;
				MTL_ENABLE_DEBUG_INFO = YES;
				ONLY_ACTIVE_ARCH = YES;
				SDKROOT = iphoneos;
				SWIFT_OPTIMIZATION_LEVEL = "-Onone";
				SWIFT_VERSION = 3.0;
				TARGETED_DEVICE_FAMILY = "1,2";
				VERSIONING_SYSTEM = "apple-generic";
				VERSION_INFO_PREFIX = "";
			};
			name = Debug;
		};
		52D6D98F1BEFF229002C0205 /* Release */ = {
			isa = XCBuildConfiguration;
			buildSettings = {
				ALWAYS_SEARCH_USER_PATHS = NO;
				CLANG_CXX_LANGUAGE_STANDARD = "gnu++0x";
				CLANG_CXX_LIBRARY = "libc++";
				CLANG_ENABLE_MODULES = YES;
				CLANG_ENABLE_OBJC_ARC = YES;
				CLANG_WARN_BOOL_CONVERSION = YES;
				CLANG_WARN_CONSTANT_CONVERSION = YES;
				CLANG_WARN_DIRECT_OBJC_ISA_USAGE = YES_ERROR;
				CLANG_WARN_EMPTY_BODY = YES;
				CLANG_WARN_ENUM_CONVERSION = YES;
				CLANG_WARN_INFINITE_RECURSION = YES;
				CLANG_WARN_INT_CONVERSION = YES;
				CLANG_WARN_OBJC_ROOT_CLASS = YES_ERROR;
				CLANG_WARN_SUSPICIOUS_MOVE = YES;
				CLANG_WARN_UNREACHABLE_CODE = YES;
				CLANG_WARN__DUPLICATE_METHOD_MATCH = YES;
				"CODE_SIGN_IDENTITY[sdk=iphoneos*]" = "iPhone Developer";
				COPY_PHASE_STRIP = NO;
				CURRENT_PROJECT_VERSION = 1;
				DEBUG_INFORMATION_FORMAT = "dwarf-with-dsym";
				ENABLE_NS_ASSERTIONS = NO;
				ENABLE_STRICT_OBJC_MSGSEND = YES;
				GCC_C_LANGUAGE_STANDARD = gnu99;
				GCC_NO_COMMON_BLOCKS = YES;
				GCC_WARN_64_TO_32_BIT_CONVERSION = YES;
				GCC_WARN_ABOUT_RETURN_TYPE = YES_ERROR;
				GCC_WARN_UNDECLARED_SELECTOR = YES;
				GCC_WARN_UNINITIALIZED_AUTOS = YES_AGGRESSIVE;
				GCC_WARN_UNUSED_FUNCTION = YES;
				GCC_WARN_UNUSED_VARIABLE = YES;
				IPHONEOS_DEPLOYMENT_TARGET = 8.0;
				MTL_ENABLE_DEBUG_INFO = NO;
				SDKROOT = iphoneos;
				SWIFT_VERSION = 3.0;
				TARGETED_DEVICE_FAMILY = "1,2";
				VALIDATE_PRODUCT = YES;
				VERSIONING_SYSTEM = "apple-generic";
				VERSION_INFO_PREFIX = "";
			};
			name = Release;
		};
		52D6D9911BEFF229002C0205 /* Debug */ = {
			isa = XCBuildConfiguration;
			buildSettings = {
				APPLICATION_EXTENSION_API_ONLY = YES;
				CLANG_ENABLE_MODULES = YES;
				"CODE_SIGN_IDENTITY[sdk=iphoneos*]" = "";
				DEFINES_MODULE = YES;
				DYLIB_COMPATIBILITY_VERSION = 1;
				DYLIB_CURRENT_VERSION = 1;
				DYLIB_INSTALL_NAME_BASE = "@rpath";
				FRAMEWORK_SEARCH_PATHS = (
					"$(inherited)",
					"$(PROJECT_DIR)/Carthage/Build/iOS",
				);
				INFOPLIST_FILE = Configs/MatrixSDK.plist;
				INSTALL_PATH = "$(LOCAL_LIBRARY_DIR)/Frameworks";
				IPHONEOS_DEPLOYMENT_TARGET = 8.0;
				LD_RUNPATH_SEARCH_PATHS = "$(inherited) @executable_path/Frameworks @loader_path/Frameworks";
				ONLY_ACTIVE_ARCH = NO;
				PRODUCT_BUNDLE_IDENTIFIER = "com.MatrixSDK.MatrixSDK-iOS";
				PRODUCT_NAME = MatrixSDK;
				SKIP_INSTALL = YES;
				SWIFT_OPTIMIZATION_LEVEL = "-Onone";
				SWIFT_VERSION = 3.0;
			};
			name = Debug;
		};
		52D6D9921BEFF229002C0205 /* Release */ = {
			isa = XCBuildConfiguration;
			buildSettings = {
				APPLICATION_EXTENSION_API_ONLY = YES;
				CLANG_ENABLE_MODULES = YES;
				"CODE_SIGN_IDENTITY[sdk=iphoneos*]" = "";
				DEFINES_MODULE = YES;
				DYLIB_COMPATIBILITY_VERSION = 1;
				DYLIB_CURRENT_VERSION = 1;
				DYLIB_INSTALL_NAME_BASE = "@rpath";
				FRAMEWORK_SEARCH_PATHS = (
					"$(inherited)",
					"$(PROJECT_DIR)/Carthage/Build/iOS",
				);
				INFOPLIST_FILE = Configs/MatrixSDK.plist;
				INSTALL_PATH = "$(LOCAL_LIBRARY_DIR)/Frameworks";
				IPHONEOS_DEPLOYMENT_TARGET = 8.0;
				LD_RUNPATH_SEARCH_PATHS = "$(inherited) @executable_path/Frameworks @loader_path/Frameworks";
				PRODUCT_BUNDLE_IDENTIFIER = "com.MatrixSDK.MatrixSDK-iOS";
				PRODUCT_NAME = MatrixSDK;
				SKIP_INSTALL = YES;
				SWIFT_OPTIMIZATION_LEVEL = "-Owholemodule";
				SWIFT_VERSION = 3.0;
			};
			name = Release;
		};
		52D6D9941BEFF229002C0205 /* Debug */ = {
			isa = XCBuildConfiguration;
			buildSettings = {
				CLANG_ENABLE_MODULES = YES;
				FRAMEWORK_SEARCH_PATHS = (
					"$(inherited)",
					"$(PROJECT_DIR)/Carthage/Build/iOS",
				);
				INFOPLIST_FILE = Configs/MatrixSDKTests.plist;
				LD_RUNPATH_SEARCH_PATHS = "$(inherited) @executable_path/Frameworks @loader_path/Frameworks";
				PRODUCT_BUNDLE_IDENTIFIER = "com.MatrixSDK.MatrixSDK-iOS-Tests";
				PRODUCT_NAME = "$(TARGET_NAME)";
				SWIFT_OPTIMIZATION_LEVEL = "-Onone";
				SWIFT_VERSION = 3.0;
			};
			name = Debug;
		};
		52D6D9951BEFF229002C0205 /* Release */ = {
			isa = XCBuildConfiguration;
			buildSettings = {
				CLANG_ENABLE_MODULES = YES;
				FRAMEWORK_SEARCH_PATHS = (
					"$(inherited)",
					"$(PROJECT_DIR)/Carthage/Build/iOS",
				);
				INFOPLIST_FILE = Configs/MatrixSDKTests.plist;
				LD_RUNPATH_SEARCH_PATHS = "$(inherited) @executable_path/Frameworks @loader_path/Frameworks";
				PRODUCT_BUNDLE_IDENTIFIER = "com.MatrixSDK.MatrixSDK-iOS-Tests";
				PRODUCT_NAME = "$(TARGET_NAME)";
				SWIFT_OPTIMIZATION_LEVEL = "-Owholemodule";
				SWIFT_VERSION = 3.0;
			};
			name = Release;
		};
		52D6D9E81BEFFF6E002C0205 /* Debug */ = {
			isa = XCBuildConfiguration;
			buildSettings = {
				APPLICATION_EXTENSION_API_ONLY = YES;
				"CODE_SIGN_IDENTITY[sdk=watchos*]" = "";
				DEFINES_MODULE = YES;
				DYLIB_COMPATIBILITY_VERSION = 1;
				DYLIB_CURRENT_VERSION = 1;
				DYLIB_INSTALL_NAME_BASE = "@rpath";
				FRAMEWORK_SEARCH_PATHS = (
					"$(inherited)",
					"$(PROJECT_DIR)/Carthage/Build/watchOS",
				);
				INFOPLIST_FILE = Configs/MatrixSDK.plist;
				INSTALL_PATH = "$(LOCAL_LIBRARY_DIR)/Frameworks";
				LD_RUNPATH_SEARCH_PATHS = "$(inherited) @executable_path/Frameworks @loader_path/Frameworks";
				PRODUCT_BUNDLE_IDENTIFIER = "com.MatrixSDK.MatrixSDK-watchOS";
				PRODUCT_NAME = MatrixSDK;
				SDKROOT = watchos;
				SKIP_INSTALL = YES;
				SWIFT_VERSION = 3.0;
				TARGETED_DEVICE_FAMILY = 4;
				WATCHOS_DEPLOYMENT_TARGET = 3.0;
			};
			name = Debug;
		};
		52D6D9E91BEFFF6E002C0205 /* Release */ = {
			isa = XCBuildConfiguration;
			buildSettings = {
				APPLICATION_EXTENSION_API_ONLY = YES;
				"CODE_SIGN_IDENTITY[sdk=watchos*]" = "";
				DEFINES_MODULE = YES;
				DYLIB_COMPATIBILITY_VERSION = 1;
				DYLIB_CURRENT_VERSION = 1;
				DYLIB_INSTALL_NAME_BASE = "@rpath";
				FRAMEWORK_SEARCH_PATHS = (
					"$(inherited)",
					"$(PROJECT_DIR)/Carthage/Build/watchOS",
				);
				INFOPLIST_FILE = Configs/MatrixSDK.plist;
				INSTALL_PATH = "$(LOCAL_LIBRARY_DIR)/Frameworks";
				LD_RUNPATH_SEARCH_PATHS = "$(inherited) @executable_path/Frameworks @loader_path/Frameworks";
				PRODUCT_BUNDLE_IDENTIFIER = "com.MatrixSDK.MatrixSDK-watchOS";
				PRODUCT_NAME = MatrixSDK;
				SDKROOT = watchos;
				SKIP_INSTALL = YES;
				SWIFT_OPTIMIZATION_LEVEL = "-Owholemodule";
				SWIFT_VERSION = 3.0;
				TARGETED_DEVICE_FAMILY = 4;
				WATCHOS_DEPLOYMENT_TARGET = 3.0;
			};
			name = Release;
		};
		52D6DA021BEFFFBE002C0205 /* Debug */ = {
			isa = XCBuildConfiguration;
			buildSettings = {
				APPLICATION_EXTENSION_API_ONLY = YES;
				"CODE_SIGN_IDENTITY[sdk=appletvos*]" = "";
				DEFINES_MODULE = YES;
				DYLIB_COMPATIBILITY_VERSION = 1;
				DYLIB_CURRENT_VERSION = 1;
				DYLIB_INSTALL_NAME_BASE = "@rpath";
				FRAMEWORK_SEARCH_PATHS = (
					"$(inherited)",
					"$(PROJECT_DIR)/Carthage/Build/tvOS",
				);
				INFOPLIST_FILE = Configs/MatrixSDK.plist;
				INSTALL_PATH = "$(LOCAL_LIBRARY_DIR)/Frameworks";
				LD_RUNPATH_SEARCH_PATHS = "$(inherited) @executable_path/Frameworks @loader_path/Frameworks";
				PRODUCT_BUNDLE_IDENTIFIER = "com.MatrixSDK.MatrixSDK-tvOS";
				PRODUCT_NAME = MatrixSDK;
				SDKROOT = appletvos;
				SKIP_INSTALL = YES;
				SWIFT_VERSION = 3.0;
				TARGETED_DEVICE_FAMILY = 3;
				TVOS_DEPLOYMENT_TARGET = 9.0;
			};
			name = Debug;
		};
		52D6DA031BEFFFBE002C0205 /* Release */ = {
			isa = XCBuildConfiguration;
			buildSettings = {
				APPLICATION_EXTENSION_API_ONLY = YES;
				"CODE_SIGN_IDENTITY[sdk=appletvos*]" = "";
				DEFINES_MODULE = YES;
				DYLIB_COMPATIBILITY_VERSION = 1;
				DYLIB_CURRENT_VERSION = 1;
				DYLIB_INSTALL_NAME_BASE = "@rpath";
				FRAMEWORK_SEARCH_PATHS = (
					"$(inherited)",
					"$(PROJECT_DIR)/Carthage/Build/tvOS",
				);
				INFOPLIST_FILE = Configs/MatrixSDK.plist;
				INSTALL_PATH = "$(LOCAL_LIBRARY_DIR)/Frameworks";
				LD_RUNPATH_SEARCH_PATHS = "$(inherited) @executable_path/Frameworks @loader_path/Frameworks";
				PRODUCT_BUNDLE_IDENTIFIER = "com.MatrixSDK.MatrixSDK-tvOS";
				PRODUCT_NAME = MatrixSDK;
				SDKROOT = appletvos;
				SKIP_INSTALL = YES;
				SWIFT_OPTIMIZATION_LEVEL = "-Owholemodule";
				SWIFT_VERSION = 3.0;
				TARGETED_DEVICE_FAMILY = 3;
				TVOS_DEPLOYMENT_TARGET = 9.0;
			};
			name = Release;
		};
		52D6DA211BF000BD002C0205 /* Debug */ = {
			isa = XCBuildConfiguration;
			buildSettings = {
				APPLICATION_EXTENSION_API_ONLY = YES;
				CODE_SIGN_IDENTITY = "-";
				COMBINE_HIDPI_IMAGES = YES;
				DEFINES_MODULE = YES;
				DYLIB_COMPATIBILITY_VERSION = 1;
				DYLIB_CURRENT_VERSION = 1;
				DYLIB_INSTALL_NAME_BASE = "@rpath";
				FRAMEWORK_SEARCH_PATHS = (
					"$(inherited)",
					"$(PROJECT_DIR)/Carthage/Build/Mac",
				);
				FRAMEWORK_VERSION = A;
				INFOPLIST_FILE = Configs/MatrixSDK.plist;
				INSTALL_PATH = "$(LOCAL_LIBRARY_DIR)/Frameworks";
				LD_RUNPATH_SEARCH_PATHS = "$(inherited) @executable_path/../Frameworks @loader_path/Frameworks";
				MACOSX_DEPLOYMENT_TARGET = 10.11;
				PRODUCT_BUNDLE_IDENTIFIER = "com.MatrixSDK.MatrixSDK-macOS";
				PRODUCT_NAME = MatrixSDK;
				SDKROOT = macosx;
				SKIP_INSTALL = YES;
				SWIFT_VERSION = 3.0;
			};
			name = Debug;
		};
		52D6DA221BF000BD002C0205 /* Release */ = {
			isa = XCBuildConfiguration;
			buildSettings = {
				APPLICATION_EXTENSION_API_ONLY = YES;
				CODE_SIGN_IDENTITY = "-";
				COMBINE_HIDPI_IMAGES = YES;
				DEFINES_MODULE = YES;
				DYLIB_COMPATIBILITY_VERSION = 1;
				DYLIB_CURRENT_VERSION = 1;
				DYLIB_INSTALL_NAME_BASE = "@rpath";
				FRAMEWORK_SEARCH_PATHS = (
					"$(inherited)",
					"$(PROJECT_DIR)/Carthage/Build/Mac",
				);
				FRAMEWORK_VERSION = A;
				INFOPLIST_FILE = Configs/MatrixSDK.plist;
				INSTALL_PATH = "$(LOCAL_LIBRARY_DIR)/Frameworks";
				LD_RUNPATH_SEARCH_PATHS = "$(inherited) @executable_path/../Frameworks @loader_path/Frameworks";
				MACOSX_DEPLOYMENT_TARGET = 10.11;
				PRODUCT_BUNDLE_IDENTIFIER = "com.MatrixSDK.MatrixSDK-macOS";
				PRODUCT_NAME = MatrixSDK;
				SDKROOT = macosx;
				SKIP_INSTALL = YES;
				SWIFT_OPTIMIZATION_LEVEL = "-Owholemodule";
				SWIFT_VERSION = 3.0;
			};
			name = Release;
		};
		DD7502831C68FCFC006590AF /* Debug */ = {
			isa = XCBuildConfiguration;
			buildSettings = {
				CODE_SIGN_IDENTITY = "-";
				COMBINE_HIDPI_IMAGES = YES;
				FRAMEWORK_SEARCH_PATHS = (
					"$(inherited)",
					"$(PROJECT_DIR)/Carthage/Build/Mac",
				);
				INFOPLIST_FILE = Configs/MatrixSDKTests.plist;
				LD_RUNPATH_SEARCH_PATHS = "$(inherited) @executable_path/../Frameworks @loader_path/../Frameworks";
				MACOSX_DEPLOYMENT_TARGET = 10.11;
				PRODUCT_BUNDLE_IDENTIFIER = "com.MatrixSDK.MatrixSDK-macOS-Tests";
				PRODUCT_NAME = "$(TARGET_NAME)";
				SDKROOT = macosx;
				SWIFT_VERSION = 3.0;
			};
			name = Debug;
		};
		DD7502841C68FCFC006590AF /* Release */ = {
			isa = XCBuildConfiguration;
			buildSettings = {
				CODE_SIGN_IDENTITY = "-";
				COMBINE_HIDPI_IMAGES = YES;
				FRAMEWORK_SEARCH_PATHS = (
					"$(inherited)",
					"$(PROJECT_DIR)/Carthage/Build/Mac",
				);
				INFOPLIST_FILE = Configs/MatrixSDKTests.plist;
				LD_RUNPATH_SEARCH_PATHS = "$(inherited) @executable_path/../Frameworks @loader_path/../Frameworks";
				MACOSX_DEPLOYMENT_TARGET = 10.11;
				PRODUCT_BUNDLE_IDENTIFIER = "com.MatrixSDK.MatrixSDK-macOS-Tests";
				PRODUCT_NAME = "$(TARGET_NAME)";
				SDKROOT = macosx;
				SWIFT_OPTIMIZATION_LEVEL = "-Owholemodule";
				SWIFT_VERSION = 3.0;
			};
			name = Release;
		};
		DD7502961C690C7A006590AF /* Debug */ = {
			isa = XCBuildConfiguration;
			buildSettings = {
				FRAMEWORK_SEARCH_PATHS = (
					"$(inherited)",
					"$(PROJECT_DIR)/Carthage/Build/tvOS",
				);
				INFOPLIST_FILE = Configs/MatrixSDKTests.plist;
				LD_RUNPATH_SEARCH_PATHS = "$(inherited) @executable_path/Frameworks @loader_path/Frameworks";
				PRODUCT_BUNDLE_IDENTIFIER = "com.MatrixSDK.MatrixSDK-tvOS-Tests";
				PRODUCT_NAME = "$(TARGET_NAME)";
				SDKROOT = appletvos;
				SWIFT_VERSION = 3.0;
				TVOS_DEPLOYMENT_TARGET = 9.1;
			};
			name = Debug;
		};
		DD7502971C690C7A006590AF /* Release */ = {
			isa = XCBuildConfiguration;
			buildSettings = {
				FRAMEWORK_SEARCH_PATHS = (
					"$(inherited)",
					"$(PROJECT_DIR)/Carthage/Build/tvOS",
				);
				INFOPLIST_FILE = Configs/MatrixSDKTests.plist;
				LD_RUNPATH_SEARCH_PATHS = "$(inherited) @executable_path/Frameworks @loader_path/Frameworks";
				PRODUCT_BUNDLE_IDENTIFIER = "com.MatrixSDK.MatrixSDK-tvOS-Tests";
				PRODUCT_NAME = "$(TARGET_NAME)";
				SDKROOT = appletvos;
				SWIFT_OPTIMIZATION_LEVEL = "-Owholemodule";
				SWIFT_VERSION = 3.0;
				TVOS_DEPLOYMENT_TARGET = 9.1;
			};
			name = Release;
		};
/* End XCBuildConfiguration section */

/* Begin XCConfigurationList section */
		52D6D9761BEFF229002C0205 /* Build configuration list for PBXProject "MatrixSDK" */ = {
			isa = XCConfigurationList;
			buildConfigurations = (
				52D6D98E1BEFF229002C0205 /* Debug */,
				52D6D98F1BEFF229002C0205 /* Release */,
			);
			defaultConfigurationIsVisible = 0;
			defaultConfigurationName = Release;
		};
		52D6D9901BEFF229002C0205 /* Build configuration list for PBXNativeTarget "MatrixSDK-iOS" */ = {
			isa = XCConfigurationList;
			buildConfigurations = (
				52D6D9911BEFF229002C0205 /* Debug */,
				52D6D9921BEFF229002C0205 /* Release */,
			);
			defaultConfigurationIsVisible = 0;
			defaultConfigurationName = Release;
		};
		52D6D9931BEFF229002C0205 /* Build configuration list for PBXNativeTarget "MatrixSDK-iOS Tests" */ = {
			isa = XCConfigurationList;
			buildConfigurations = (
				52D6D9941BEFF229002C0205 /* Debug */,
				52D6D9951BEFF229002C0205 /* Release */,
			);
			defaultConfigurationIsVisible = 0;
			defaultConfigurationName = Release;
		};
		52D6D9E71BEFFF6E002C0205 /* Build configuration list for PBXNativeTarget "MatrixSDK-watchOS" */ = {
			isa = XCConfigurationList;
			buildConfigurations = (
				52D6D9E81BEFFF6E002C0205 /* Debug */,
				52D6D9E91BEFFF6E002C0205 /* Release */,
			);
			defaultConfigurationIsVisible = 0;
			defaultConfigurationName = Release;
		};
		52D6DA011BEFFFBE002C0205 /* Build configuration list for PBXNativeTarget "MatrixSDK-tvOS" */ = {
			isa = XCConfigurationList;
			buildConfigurations = (
				52D6DA021BEFFFBE002C0205 /* Debug */,
				52D6DA031BEFFFBE002C0205 /* Release */,
			);
			defaultConfigurationIsVisible = 0;
			defaultConfigurationName = Release;
		};
		52D6DA201BF000BD002C0205 /* Build configuration list for PBXNativeTarget "MatrixSDK-macOS" */ = {
			isa = XCConfigurationList;
			buildConfigurations = (
				52D6DA211BF000BD002C0205 /* Debug */,
				52D6DA221BF000BD002C0205 /* Release */,
			);
			defaultConfigurationIsVisible = 0;
			defaultConfigurationName = Release;
		};
		DD7502821C68FCFC006590AF /* Build configuration list for PBXNativeTarget "MatrixSDK-macOS Tests" */ = {
			isa = XCConfigurationList;
			buildConfigurations = (
				DD7502831C68FCFC006590AF /* Debug */,
				DD7502841C68FCFC006590AF /* Release */,
			);
			defaultConfigurationIsVisible = 0;
			defaultConfigurationName = Release;
		};
		DD7502951C690C7A006590AF /* Build configuration list for PBXNativeTarget "MatrixSDK-tvOS Tests" */ = {
			isa = XCConfigurationList;
			buildConfigurations = (
				DD7502961C690C7A006590AF /* Debug */,
				DD7502971C690C7A006590AF /* Release */,
			);
			defaultConfigurationIsVisible = 0;
			defaultConfigurationName = Release;
		};
/* End XCConfigurationList section */
	};
	rootObject = 52D6D9731BEFF229002C0205 /* Project object */;
}
